// !$*UTF8*$!
{
	archiveVersion = 1;
	classes = {
	};
	objectVersion = 46;
	objects = {

/* Begin PBXBuildFile section */
		602A4CE617C02F2E007DEF27 /* FriendListViewController.m in Sources */ = {isa = PBXBuildFile; fileRef = 602A4CE417C02F2E007DEF27 /* FriendListViewController.m */; };
		602A4CE717C02F2E007DEF27 /* FriendListViewController.xib in Resources */ = {isa = PBXBuildFile; fileRef = 602A4CE517C02F2E007DEF27 /* FriendListViewController.xib */; };
		602A4CEA17C03966007DEF27 /* Friend.m in Sources */ = {isa = PBXBuildFile; fileRef = 602A4CE917C03966007DEF27 /* Friend.m */; };
		602A4CF217C03D9C007DEF27 /* SplashViewController.m in Sources */ = {isa = PBXBuildFile; fileRef = 602A4CF017C03D9C007DEF27 /* SplashViewController.m */; };
		602A4CF317C03D9C007DEF27 /* SplashViewController.xib in Resources */ = {isa = PBXBuildFile; fileRef = 602A4CF117C03D9C007DEF27 /* SplashViewController.xib */; };
		602A4CF717C04008007DEF27 /* LoginViewController.m in Sources */ = {isa = PBXBuildFile; fileRef = 602A4CF517C04008007DEF27 /* LoginViewController.m */; };
		602A4CF817C04008007DEF27 /* LoginViewController.xib in Resources */ = {isa = PBXBuildFile; fileRef = 602A4CF617C04008007DEF27 /* LoginViewController.xib */; };
		602A4CFC17C04017007DEF27 /* RegistrationViewController.m in Sources */ = {isa = PBXBuildFile; fileRef = 602A4CFA17C04017007DEF27 /* RegistrationViewController.m */; };
		602A4CFD17C04017007DEF27 /* RegistrationViewController.xib in Resources */ = {isa = PBXBuildFile; fileRef = 602A4CFB17C04017007DEF27 /* RegistrationViewController.xib */; };
		602A4D0117C052E3007DEF27 /* SettingsViewController.m in Sources */ = {isa = PBXBuildFile; fileRef = 602A4CFF17C052E3007DEF27 /* SettingsViewController.m */; };
		602A4D0217C052E3007DEF27 /* SettingsViewController.xib in Resources */ = {isa = PBXBuildFile; fileRef = 602A4D0017C052E3007DEF27 /* SettingsViewController.xib */; };
		609227D417B84CA100E1D897 /* SendToroViewController.m in Sources */ = {isa = PBXBuildFile; fileRef = 609227D317B84CA100E1D897 /* SendToroViewController.m */; };
		609227D617B84CC100E1D897 /* SendToroViewController.xib in Resources */ = {isa = PBXBuildFile; fileRef = 609227D517B84CC100E1D897 /* SendToroViewController.xib */; };
		609227D817B8538C00E1D897 /* CoreLocation.framework in Frameworks */ = {isa = PBXBuildFile; fileRef = 609227D717B8538C00E1D897 /* CoreLocation.framework */; };
		6097D9DF17B34A0100EC094E /* Toro.m in Sources */ = {isa = PBXBuildFile; fileRef = 6097D9DE17B34A0100EC094E /* Toro.m */; };
		60CE1C6717AEDFE400C6249F /* UIKit.framework in Frameworks */ = {isa = PBXBuildFile; fileRef = 60CE1C6617AEDFE400C6249F /* UIKit.framework */; };
		60CE1C6917AEDFE400C6249F /* Foundation.framework in Frameworks */ = {isa = PBXBuildFile; fileRef = 60CE1C6817AEDFE400C6249F /* Foundation.framework */; };
		60CE1C6B17AEDFE400C6249F /* CoreGraphics.framework in Frameworks */ = {isa = PBXBuildFile; fileRef = 60CE1C6A17AEDFE400C6249F /* CoreGraphics.framework */; };
		60CE1C7117AEDFE400C6249F /* InfoPlist.strings in Resources */ = {isa = PBXBuildFile; fileRef = 60CE1C6F17AEDFE400C6249F /* InfoPlist.strings */; };
		60CE1C7317AEDFE400C6249F /* main.m in Sources */ = {isa = PBXBuildFile; fileRef = 60CE1C7217AEDFE400C6249F /* main.m */; };
		60CE1C7717AEDFE400C6249F /* OAppDelegate.m in Sources */ = {isa = PBXBuildFile; fileRef = 60CE1C7617AEDFE400C6249F /* OAppDelegate.m */; };
		60CE1C7F17AEDFE400C6249F /* SenTestingKit.framework in Frameworks */ = {isa = PBXBuildFile; fileRef = 60CE1C7E17AEDFE400C6249F /* SenTestingKit.framework */; };
		60CE1C8017AEDFE400C6249F /* UIKit.framework in Frameworks */ = {isa = PBXBuildFile; fileRef = 60CE1C6617AEDFE400C6249F /* UIKit.framework */; };
		60CE1C8117AEDFE400C6249F /* Foundation.framework in Frameworks */ = {isa = PBXBuildFile; fileRef = 60CE1C6817AEDFE400C6249F /* Foundation.framework */; };
		60CE1C8917AEDFE400C6249F /* InfoPlist.strings in Resources */ = {isa = PBXBuildFile; fileRef = 60CE1C8717AEDFE400C6249F /* InfoPlist.strings */; };
		60CE1C8C17AEDFE400C6249F /* Otoro_client_2Tests.m in Sources */ = {isa = PBXBuildFile; fileRef = 60CE1C8B17AEDFE400C6249F /* Otoro_client_2Tests.m */; };
		60CE1C9817AEE01B00C6249F /* OtoroContentViewController.m in Sources */ = {isa = PBXBuildFile; fileRef = 60CE1C9617AEE01B00C6249F /* OtoroContentViewController.m */; };
		60CE1C9917AEE01B00C6249F /* OtoroContentViewController.xib in Resources */ = {isa = PBXBuildFile; fileRef = 60CE1C9717AEE01B00C6249F /* OtoroContentViewController.xib */; };
		60CE1C9D17AF2D3F00C6249F /* ToroViewController.m in Sources */ = {isa = PBXBuildFile; fileRef = 60CE1C9B17AF2D3E00C6249F /* ToroViewController.m */; };
		60CE1C9E17AF2D3F00C6249F /* ToroViewController.xib in Resources */ = {isa = PBXBuildFile; fileRef = 60CE1C9C17AF2D3F00C6249F /* ToroViewController.xib */; };
		60CE1CA017AF2DAB00C6249F /* MapKit.framework in Frameworks */ = {isa = PBXBuildFile; fileRef = 60CE1C9F17AF2DAB00C6249F /* MapKit.framework */; };
		DB9DA81C17C01D43005418CB /* OtoroConnection.m in Sources */ = {isa = PBXBuildFile; fileRef = DB9DA81B17C01D43005418CB /* OtoroConnection.m */; };
		DB9DA82117C02AB9005418CB /* OtoroConnectionCall.m in Sources */ = {isa = PBXBuildFile; fileRef = DB9DA82017C02AB9005418CB /* OtoroConnectionCall.m */; };
/* End PBXBuildFile section */

/* Begin PBXContainerItemProxy section */
		60CE1C8217AEDFE400C6249F /* PBXContainerItemProxy */ = {
			isa = PBXContainerItemProxy;
			containerPortal = 60CE1C5917AEDFE400C6249F /* Project object */;
			proxyType = 1;
			remoteGlobalIDString = 60CE1C6117AEDFE400C6249F;
			remoteInfo = "Otoro-client-2";
		};
/* End PBXContainerItemProxy section */

/* Begin PBXFileReference section */
		602A4CE317C02F2E007DEF27 /* FriendListViewController.h */ = {isa = PBXFileReference; fileEncoding = 4; lastKnownFileType = sourcecode.c.h; path = FriendListViewController.h; sourceTree = "<group>"; };
		602A4CE417C02F2E007DEF27 /* FriendListViewController.m */ = {isa = PBXFileReference; fileEncoding = 4; lastKnownFileType = sourcecode.c.objc; path = FriendListViewController.m; sourceTree = "<group>"; };
		602A4CE517C02F2E007DEF27 /* FriendListViewController.xib */ = {isa = PBXFileReference; fileEncoding = 4; lastKnownFileType = file.xib; path = FriendListViewController.xib; sourceTree = "<group>"; };
		602A4CE817C03966007DEF27 /* Friend.h */ = {isa = PBXFileReference; fileEncoding = 4; lastKnownFileType = sourcecode.c.h; path = Friend.h; sourceTree = "<group>"; };
		602A4CE917C03966007DEF27 /* Friend.m */ = {isa = PBXFileReference; fileEncoding = 4; lastKnownFileType = sourcecode.c.objc; path = Friend.m; sourceTree = "<group>"; };
		602A4CEF17C03D9C007DEF27 /* SplashViewController.h */ = {isa = PBXFileReference; fileEncoding = 4; lastKnownFileType = sourcecode.c.h; path = SplashViewController.h; sourceTree = "<group>"; };
		602A4CF017C03D9C007DEF27 /* SplashViewController.m */ = {isa = PBXFileReference; fileEncoding = 4; lastKnownFileType = sourcecode.c.objc; path = SplashViewController.m; sourceTree = "<group>"; };
		602A4CF117C03D9C007DEF27 /* SplashViewController.xib */ = {isa = PBXFileReference; fileEncoding = 4; lastKnownFileType = file.xib; path = SplashViewController.xib; sourceTree = "<group>"; };
		602A4CF417C04008007DEF27 /* LoginViewController.h */ = {isa = PBXFileReference; fileEncoding = 4; lastKnownFileType = sourcecode.c.h; path = LoginViewController.h; sourceTree = "<group>"; };
		602A4CF517C04008007DEF27 /* LoginViewController.m */ = {isa = PBXFileReference; fileEncoding = 4; lastKnownFileType = sourcecode.c.objc; path = LoginViewController.m; sourceTree = "<group>"; };
		602A4CF617C04008007DEF27 /* LoginViewController.xib */ = {isa = PBXFileReference; fileEncoding = 4; lastKnownFileType = file.xib; path = LoginViewController.xib; sourceTree = "<group>"; };
		602A4CF917C04017007DEF27 /* RegistrationViewController.h */ = {isa = PBXFileReference; fileEncoding = 4; lastKnownFileType = sourcecode.c.h; path = RegistrationViewController.h; sourceTree = "<group>"; };
		602A4CFA17C04017007DEF27 /* RegistrationViewController.m */ = {isa = PBXFileReference; fileEncoding = 4; lastKnownFileType = sourcecode.c.objc; path = RegistrationViewController.m; sourceTree = "<group>"; };
		602A4CFB17C04017007DEF27 /* RegistrationViewController.xib */ = {isa = PBXFileReference; fileEncoding = 4; lastKnownFileType = file.xib; path = RegistrationViewController.xib; sourceTree = "<group>"; };
		602A4CFE17C052E3007DEF27 /* SettingsViewController.h */ = {isa = PBXFileReference; fileEncoding = 4; lastKnownFileType = sourcecode.c.h; path = SettingsViewController.h; sourceTree = "<group>"; };
		602A4CFF17C052E3007DEF27 /* SettingsViewController.m */ = {isa = PBXFileReference; fileEncoding = 4; lastKnownFileType = sourcecode.c.objc; path = SettingsViewController.m; sourceTree = "<group>"; };
		602A4D0017C052E3007DEF27 /* SettingsViewController.xib */ = {isa = PBXFileReference; fileEncoding = 4; lastKnownFileType = file.xib; path = SettingsViewController.xib; sourceTree = "<group>"; };
		609227D217B84CA100E1D897 /* SendToroViewController.h */ = {isa = PBXFileReference; fileEncoding = 4; lastKnownFileType = sourcecode.c.h; path = SendToroViewController.h; sourceTree = "<group>"; };
		609227D317B84CA100E1D897 /* SendToroViewController.m */ = {isa = PBXFileReference; fileEncoding = 4; lastKnownFileType = sourcecode.c.objc; path = SendToroViewController.m; sourceTree = "<group>"; };
		609227D517B84CC100E1D897 /* SendToroViewController.xib */ = {isa = PBXFileReference; fileEncoding = 4; lastKnownFileType = file.xib; path = SendToroViewController.xib; sourceTree = "<group>"; };
		609227D717B8538C00E1D897 /* CoreLocation.framework */ = {isa = PBXFileReference; lastKnownFileType = wrapper.framework; name = CoreLocation.framework; path = System/Library/Frameworks/CoreLocation.framework; sourceTree = SDKROOT; };
		6097D9DD17B34A0100EC094E /* Toro.h */ = {isa = PBXFileReference; fileEncoding = 4; lastKnownFileType = sourcecode.c.h; path = Toro.h; sourceTree = "<group>"; };
		6097D9DE17B34A0100EC094E /* Toro.m */ = {isa = PBXFileReference; fileEncoding = 4; lastKnownFileType = sourcecode.c.objc; path = Toro.m; sourceTree = "<group>"; };
		60CE1C6217AEDFE400C6249F /* Otoro-client-2.app */ = {isa = PBXFileReference; explicitFileType = wrapper.application; includeInIndex = 0; path = "Otoro-client-2.app"; sourceTree = BUILT_PRODUCTS_DIR; };
		60CE1C6617AEDFE400C6249F /* UIKit.framework */ = {isa = PBXFileReference; lastKnownFileType = wrapper.framework; name = UIKit.framework; path = System/Library/Frameworks/UIKit.framework; sourceTree = SDKROOT; };
		60CE1C6817AEDFE400C6249F /* Foundation.framework */ = {isa = PBXFileReference; lastKnownFileType = wrapper.framework; name = Foundation.framework; path = System/Library/Frameworks/Foundation.framework; sourceTree = SDKROOT; };
		60CE1C6A17AEDFE400C6249F /* CoreGraphics.framework */ = {isa = PBXFileReference; lastKnownFileType = wrapper.framework; name = CoreGraphics.framework; path = System/Library/Frameworks/CoreGraphics.framework; sourceTree = SDKROOT; };
		60CE1C6E17AEDFE400C6249F /* Otoro-client-2-Info.plist */ = {isa = PBXFileReference; lastKnownFileType = text.plist.xml; path = "Otoro-client-2-Info.plist"; sourceTree = "<group>"; };
		60CE1C7017AEDFE400C6249F /* en */ = {isa = PBXFileReference; lastKnownFileType = text.plist.strings; name = en; path = en.lproj/InfoPlist.strings; sourceTree = "<group>"; };
		60CE1C7217AEDFE400C6249F /* main.m */ = {isa = PBXFileReference; lastKnownFileType = sourcecode.c.objc; path = main.m; sourceTree = "<group>"; };
		60CE1C7417AEDFE400C6249F /* Otoro-client-2-Prefix.pch */ = {isa = PBXFileReference; lastKnownFileType = sourcecode.c.h; path = "Otoro-client-2-Prefix.pch"; sourceTree = "<group>"; };
		60CE1C7517AEDFE400C6249F /* OAppDelegate.h */ = {isa = PBXFileReference; lastKnownFileType = sourcecode.c.h; path = OAppDelegate.h; sourceTree = "<group>"; };
		60CE1C7617AEDFE400C6249F /* OAppDelegate.m */ = {isa = PBXFileReference; lastKnownFileType = sourcecode.c.objc; path = OAppDelegate.m; sourceTree = "<group>"; };
		60CE1C7D17AEDFE400C6249F /* Otoro-client-2Tests.octest */ = {isa = PBXFileReference; explicitFileType = wrapper.cfbundle; includeInIndex = 0; path = "Otoro-client-2Tests.octest"; sourceTree = BUILT_PRODUCTS_DIR; };
		60CE1C7E17AEDFE400C6249F /* SenTestingKit.framework */ = {isa = PBXFileReference; lastKnownFileType = wrapper.framework; name = SenTestingKit.framework; path = Library/Frameworks/SenTestingKit.framework; sourceTree = DEVELOPER_DIR; };
		60CE1C8617AEDFE400C6249F /* Otoro-client-2Tests-Info.plist */ = {isa = PBXFileReference; lastKnownFileType = text.plist.xml; path = "Otoro-client-2Tests-Info.plist"; sourceTree = "<group>"; };
		60CE1C8817AEDFE400C6249F /* en */ = {isa = PBXFileReference; lastKnownFileType = text.plist.strings; name = en; path = en.lproj/InfoPlist.strings; sourceTree = "<group>"; };
		60CE1C8A17AEDFE400C6249F /* Otoro_client_2Tests.h */ = {isa = PBXFileReference; lastKnownFileType = sourcecode.c.h; path = Otoro_client_2Tests.h; sourceTree = "<group>"; };
		60CE1C8B17AEDFE400C6249F /* Otoro_client_2Tests.m */ = {isa = PBXFileReference; lastKnownFileType = sourcecode.c.objc; path = Otoro_client_2Tests.m; sourceTree = "<group>"; };
		60CE1C9517AEE01B00C6249F /* OtoroContentViewController.h */ = {isa = PBXFileReference; fileEncoding = 4; lastKnownFileType = sourcecode.c.h; path = OtoroContentViewController.h; sourceTree = "<group>"; };
		60CE1C9617AEE01B00C6249F /* OtoroContentViewController.m */ = {isa = PBXFileReference; fileEncoding = 4; lastKnownFileType = sourcecode.c.objc; path = OtoroContentViewController.m; sourceTree = "<group>"; };
		60CE1C9717AEE01B00C6249F /* OtoroContentViewController.xib */ = {isa = PBXFileReference; fileEncoding = 4; lastKnownFileType = file.xib; path = OtoroContentViewController.xib; sourceTree = "<group>"; };
		60CE1C9A17AF2D3E00C6249F /* ToroViewController.h */ = {isa = PBXFileReference; fileEncoding = 4; lastKnownFileType = sourcecode.c.h; path = ToroViewController.h; sourceTree = "<group>"; };
		60CE1C9B17AF2D3E00C6249F /* ToroViewController.m */ = {isa = PBXFileReference; fileEncoding = 4; lastKnownFileType = sourcecode.c.objc; path = ToroViewController.m; sourceTree = "<group>"; };
		60CE1C9C17AF2D3F00C6249F /* ToroViewController.xib */ = {isa = PBXFileReference; fileEncoding = 4; lastKnownFileType = file.xib; path = ToroViewController.xib; sourceTree = "<group>"; };
		60CE1C9F17AF2DAB00C6249F /* MapKit.framework */ = {isa = PBXFileReference; lastKnownFileType = wrapper.framework; name = MapKit.framework; path = System/Library/Frameworks/MapKit.framework; sourceTree = SDKROOT; };
		DB9DA81A17C01D43005418CB /* OtoroConnection.h */ = {isa = PBXFileReference; fileEncoding = 4; lastKnownFileType = sourcecode.c.h; path = OtoroConnection.h; sourceTree = "<group>"; };
		DB9DA81B17C01D43005418CB /* OtoroConnection.m */ = {isa = PBXFileReference; fileEncoding = 4; lastKnownFileType = sourcecode.c.objc; path = OtoroConnection.m; sourceTree = "<group>"; };
		DB9DA81F17C02AB9005418CB /* OtoroConnectionCall.h */ = {isa = PBXFileReference; fileEncoding = 4; lastKnownFileType = sourcecode.c.h; path = OtoroConnectionCall.h; sourceTree = "<group>"; };
		DB9DA82017C02AB9005418CB /* OtoroConnectionCall.m */ = {isa = PBXFileReference; fileEncoding = 4; lastKnownFileType = sourcecode.c.objc; path = OtoroConnectionCall.m; sourceTree = "<group>"; };
/* End PBXFileReference section */

/* Begin PBXFrameworksBuildPhase section */
		60CE1C5F17AEDFE400C6249F /* Frameworks */ = {
			isa = PBXFrameworksBuildPhase;
			buildActionMask = 2147483647;
			files = (
				609227D817B8538C00E1D897 /* CoreLocation.framework in Frameworks */,
				60CE1CA017AF2DAB00C6249F /* MapKit.framework in Frameworks */,
				60CE1C6717AEDFE400C6249F /* UIKit.framework in Frameworks */,
				60CE1C6917AEDFE400C6249F /* Foundation.framework in Frameworks */,
				60CE1C6B17AEDFE400C6249F /* CoreGraphics.framework in Frameworks */,
			);
			runOnlyForDeploymentPostprocessing = 0;
		};
		60CE1C7917AEDFE400C6249F /* Frameworks */ = {
			isa = PBXFrameworksBuildPhase;
			buildActionMask = 2147483647;
			files = (
				60CE1C7F17AEDFE400C6249F /* SenTestingKit.framework in Frameworks */,
				60CE1C8017AEDFE400C6249F /* UIKit.framework in Frameworks */,
				60CE1C8117AEDFE400C6249F /* Foundation.framework in Frameworks */,
			);
			runOnlyForDeploymentPostprocessing = 0;
		};
/* End PBXFrameworksBuildPhase section */

/* Begin PBXGroup section */
		602A4CEB17C03D1D007DEF27 /* Login and Registration */ = {
			isa = PBXGroup;
			children = (
				602A4CEF17C03D9C007DEF27 /* SplashViewController.h */,
				602A4CF017C03D9C007DEF27 /* SplashViewController.m */,
				602A4CF117C03D9C007DEF27 /* SplashViewController.xib */,
				602A4CF417C04008007DEF27 /* LoginViewController.h */,
				602A4CF517C04008007DEF27 /* LoginViewController.m */,
				602A4CF617C04008007DEF27 /* LoginViewController.xib */,
				602A4CF917C04017007DEF27 /* RegistrationViewController.h */,
				602A4CFA17C04017007DEF27 /* RegistrationViewController.m */,
				602A4CFB17C04017007DEF27 /* RegistrationViewController.xib */,
				602A4CFE17C052E3007DEF27 /* SettingsViewController.h */,
				602A4CFF17C052E3007DEF27 /* SettingsViewController.m */,
				602A4D0017C052E3007DEF27 /* SettingsViewController.xib */,
			);
			name = "Login and Registration";
			sourceTree = "<group>";
		};
		6097D9DC17B349E600EC094E /* Models */ = {
			isa = PBXGroup;
			children = (
				6097D9DD17B34A0100EC094E /* Toro.h */,
				6097D9DE17B34A0100EC094E /* Toro.m */,
				602A4CE817C03966007DEF27 /* Friend.h */,
				602A4CE917C03966007DEF27 /* Friend.m */,
			);
			name = Models;
			sourceTree = "<group>";
		};
		60CE1C5717AEDFE400C6249F = {
			isa = PBXGroup;
			children = (
				609227D717B8538C00E1D897 /* CoreLocation.framework */,
				60CE1C6C17AEDFE400C6249F /* Otoro-client-2 */,
				60CE1C8417AEDFE400C6249F /* Otoro-client-2Tests */,
				60CE1C6517AEDFE400C6249F /* Frameworks */,
				60CE1C6317AEDFE400C6249F /* Products */,
			);
			sourceTree = "<group>";
		};
		60CE1C6317AEDFE400C6249F /* Products */ = {
			isa = PBXGroup;
			children = (
				60CE1C6217AEDFE400C6249F /* Otoro-client-2.app */,
				60CE1C7D17AEDFE400C6249F /* Otoro-client-2Tests.octest */,
			);
			name = Products;
			sourceTree = "<group>";
		};
		60CE1C6517AEDFE400C6249F /* Frameworks */ = {
			isa = PBXGroup;
			children = (
				60CE1C9F17AF2DAB00C6249F /* MapKit.framework */,
				60CE1C6617AEDFE400C6249F /* UIKit.framework */,
				60CE1C6817AEDFE400C6249F /* Foundation.framework */,
				60CE1C6A17AEDFE400C6249F /* CoreGraphics.framework */,
				60CE1C7E17AEDFE400C6249F /* SenTestingKit.framework */,
			);
			name = Frameworks;
			sourceTree = "<group>";
		};
		60CE1C6C17AEDFE400C6249F /* Otoro-client-2 */ = {
			isa = PBXGroup;
			children = (
				60CE1C7517AEDFE400C6249F /* OAppDelegate.h */,
				60CE1C7617AEDFE400C6249F /* OAppDelegate.m */,
				602A4CEB17C03D1D007DEF27 /* Login and Registration */,
				6097D9DC17B349E600EC094E /* Models */,
				60CE1C6D17AEDFE400C6249F /* Supporting Files */,
				60CE1C9517AEE01B00C6249F /* OtoroContentViewController.h */,
				60CE1C9617AEE01B00C6249F /* OtoroContentViewController.m */,
				60CE1C9717AEE01B00C6249F /* OtoroContentViewController.xib */,
				60CE1C9A17AF2D3E00C6249F /* ToroViewController.h */,
				60CE1C9B17AF2D3E00C6249F /* ToroViewController.m */,
				60CE1C9C17AF2D3F00C6249F /* ToroViewController.xib */,
				DB9DA81A17C01D43005418CB /* OtoroConnection.h */,
				DB9DA81B17C01D43005418CB /* OtoroConnection.m */,
				609227D217B84CA100E1D897 /* SendToroViewController.h */,
				609227D317B84CA100E1D897 /* SendToroViewController.m */,
				609227D517B84CC100E1D897 /* SendToroViewController.xib */,
				DB9DA81F17C02AB9005418CB /* OtoroConnectionCall.h */,
				DB9DA82017C02AB9005418CB /* OtoroConnectionCall.m */,
				602A4CE317C02F2E007DEF27 /* FriendListViewController.h */,
				602A4CE417C02F2E007DEF27 /* FriendListViewController.m */,
				602A4CE517C02F2E007DEF27 /* FriendListViewController.xib */,
			);
			path = "Otoro-client-2";
			sourceTree = "<group>";
		};
		60CE1C6D17AEDFE400C6249F /* Supporting Files */ = {
			isa = PBXGroup;
			children = (
				60CE1C6E17AEDFE400C6249F /* Otoro-client-2-Info.plist */,
				60CE1C6F17AEDFE400C6249F /* InfoPlist.strings */,
				60CE1C7217AEDFE400C6249F /* main.m */,
				60CE1C7417AEDFE400C6249F /* Otoro-client-2-Prefix.pch */,
			);
			name = "Supporting Files";
			sourceTree = "<group>";
		};
		60CE1C8417AEDFE400C6249F /* Otoro-client-2Tests */ = {
			isa = PBXGroup;
			children = (
				60CE1C8A17AEDFE400C6249F /* Otoro_client_2Tests.h */,
				60CE1C8B17AEDFE400C6249F /* Otoro_client_2Tests.m */,
				60CE1C8517AEDFE400C6249F /* Supporting Files */,
			);
			path = "Otoro-client-2Tests";
			sourceTree = "<group>";
		};
		60CE1C8517AEDFE400C6249F /* Supporting Files */ = {
			isa = PBXGroup;
			children = (
				60CE1C8617AEDFE400C6249F /* Otoro-client-2Tests-Info.plist */,
				60CE1C8717AEDFE400C6249F /* InfoPlist.strings */,
			);
			name = "Supporting Files";
			sourceTree = "<group>";
		};
/* End PBXGroup section */

/* Begin PBXNativeTarget section */
		60CE1C6117AEDFE400C6249F /* Otoro-client-2 */ = {
			isa = PBXNativeTarget;
			buildConfigurationList = 60CE1C8F17AEDFE400C6249F /* Build configuration list for PBXNativeTarget "Otoro-client-2" */;
			buildPhases = (
				60CE1C5E17AEDFE400C6249F /* Sources */,
				60CE1C5F17AEDFE400C6249F /* Frameworks */,
				60CE1C6017AEDFE400C6249F /* Resources */,
			);
			buildRules = (
			);
			dependencies = (
			);
			name = "Otoro-client-2";
			productName = "Otoro-client-2";
			productReference = 60CE1C6217AEDFE400C6249F /* Otoro-client-2.app */;
			productType = "com.apple.product-type.application";
		};
		60CE1C7C17AEDFE400C6249F /* Otoro-client-2Tests */ = {
			isa = PBXNativeTarget;
			buildConfigurationList = 60CE1C9217AEDFE400C6249F /* Build configuration list for PBXNativeTarget "Otoro-client-2Tests" */;
			buildPhases = (
				60CE1C7817AEDFE400C6249F /* Sources */,
				60CE1C7917AEDFE400C6249F /* Frameworks */,
				60CE1C7A17AEDFE400C6249F /* Resources */,
				60CE1C7B17AEDFE400C6249F /* ShellScript */,
			);
			buildRules = (
			);
			dependencies = (
				60CE1C8317AEDFE400C6249F /* PBXTargetDependency */,
			);
			name = "Otoro-client-2Tests";
			productName = "Otoro-client-2Tests";
			productReference = 60CE1C7D17AEDFE400C6249F /* Otoro-client-2Tests.octest */;
			productType = "com.apple.product-type.bundle";
		};
/* End PBXNativeTarget section */

/* Begin PBXProject section */
		60CE1C5917AEDFE400C6249F /* Project object */ = {
			isa = PBXProject;
			attributes = {
				LastUpgradeCheck = 0420;
				ORGANIZATIONNAME = Stanford;
			};
			buildConfigurationList = 60CE1C5C17AEDFE400C6249F /* Build configuration list for PBXProject "Otoro-client-2" */;
			compatibilityVersion = "Xcode 3.2";
			developmentRegion = English;
			hasScannedForEncodings = 0;
			knownRegions = (
				en,
			);
			mainGroup = 60CE1C5717AEDFE400C6249F;
			productRefGroup = 60CE1C6317AEDFE400C6249F /* Products */;
			projectDirPath = "";
			projectRoot = "";
			targets = (
				60CE1C6117AEDFE400C6249F /* Otoro-client-2 */,
				60CE1C7C17AEDFE400C6249F /* Otoro-client-2Tests */,
			);
		};
/* End PBXProject section */

/* Begin PBXResourcesBuildPhase section */
		60CE1C6017AEDFE400C6249F /* Resources */ = {
			isa = PBXResourcesBuildPhase;
			buildActionMask = 2147483647;
			files = (
				60CE1C7117AEDFE400C6249F /* InfoPlist.strings in Resources */,
				60CE1C9917AEE01B00C6249F /* OtoroContentViewController.xib in Resources */,
				60CE1C9E17AF2D3F00C6249F /* ToroViewController.xib in Resources */,
				609227D617B84CC100E1D897 /* SendToroViewController.xib in Resources */,
				602A4CE717C02F2E007DEF27 /* FriendListViewController.xib in Resources */,
				602A4CF317C03D9C007DEF27 /* SplashViewController.xib in Resources */,
				602A4CF817C04008007DEF27 /* LoginViewController.xib in Resources */,
				602A4CFD17C04017007DEF27 /* RegistrationViewController.xib in Resources */,
				602A4D0217C052E3007DEF27 /* SettingsViewController.xib in Resources */,
			);
			runOnlyForDeploymentPostprocessing = 0;
		};
		60CE1C7A17AEDFE400C6249F /* Resources */ = {
			isa = PBXResourcesBuildPhase;
			buildActionMask = 2147483647;
			files = (
				60CE1C8917AEDFE400C6249F /* InfoPlist.strings in Resources */,
			);
			runOnlyForDeploymentPostprocessing = 0;
		};
/* End PBXResourcesBuildPhase section */

/* Begin PBXShellScriptBuildPhase section */
		60CE1C7B17AEDFE400C6249F /* ShellScript */ = {
			isa = PBXShellScriptBuildPhase;
			buildActionMask = 2147483647;
			files = (
			);
			inputPaths = (
			);
			outputPaths = (
			);
			runOnlyForDeploymentPostprocessing = 0;
			shellPath = /bin/sh;
			shellScript = "# Run the unit tests in this test bundle.\n\"${SYSTEM_DEVELOPER_DIR}/Tools/RunUnitTests\"\n";
		};
/* End PBXShellScriptBuildPhase section */

/* Begin PBXSourcesBuildPhase section */
		60CE1C5E17AEDFE400C6249F /* Sources */ = {
			isa = PBXSourcesBuildPhase;
			buildActionMask = 2147483647;
			files = (
				60CE1C7317AEDFE400C6249F /* main.m in Sources */,
				60CE1C7717AEDFE400C6249F /* OAppDelegate.m in Sources */,
				60CE1C9817AEE01B00C6249F /* OtoroContentViewController.m in Sources */,
				60CE1C9D17AF2D3F00C6249F /* ToroViewController.m in Sources */,
				6097D9DF17B34A0100EC094E /* Toro.m in Sources */,
				DB9DA81C17C01D43005418CB /* OtoroConnection.m in Sources */,
				609227D417B84CA100E1D897 /* SendToroViewController.m in Sources */,
				DB9DA82117C02AB9005418CB /* OtoroConnectionCall.m in Sources */,
				602A4CE617C02F2E007DEF27 /* FriendListViewController.m in Sources */,
				602A4CEA17C03966007DEF27 /* Friend.m in Sources */,
				602A4CF217C03D9C007DEF27 /* SplashViewController.m in Sources */,
				602A4CF717C04008007DEF27 /* LoginViewController.m in Sources */,
				602A4CFC17C04017007DEF27 /* RegistrationViewController.m in Sources */,
				602A4D0117C052E3007DEF27 /* SettingsViewController.m in Sources */,
			);
			runOnlyForDeploymentPostprocessing = 0;
		};
		60CE1C7817AEDFE400C6249F /* Sources */ = {
			isa = PBXSourcesBuildPhase;
			buildActionMask = 2147483647;
			files = (
				60CE1C8C17AEDFE400C6249F /* Otoro_client_2Tests.m in Sources */,
			);
			runOnlyForDeploymentPostprocessing = 0;
		};
/* End PBXSourcesBuildPhase section */

/* Begin PBXTargetDependency section */
		60CE1C8317AEDFE400C6249F /* PBXTargetDependency */ = {
			isa = PBXTargetDependency;
			target = 60CE1C6117AEDFE400C6249F /* Otoro-client-2 */;
			targetProxy = 60CE1C8217AEDFE400C6249F /* PBXContainerItemProxy */;
		};
/* End PBXTargetDependency section */

/* Begin PBXVariantGroup section */
		60CE1C6F17AEDFE400C6249F /* InfoPlist.strings */ = {
			isa = PBXVariantGroup;
			children = (
				60CE1C7017AEDFE400C6249F /* en */,
			);
			name = InfoPlist.strings;
			sourceTree = "<group>";
		};
		60CE1C8717AEDFE400C6249F /* InfoPlist.strings */ = {
			isa = PBXVariantGroup;
			children = (
				60CE1C8817AEDFE400C6249F /* en */,
			);
			name = InfoPlist.strings;
			sourceTree = "<group>";
		};
/* End PBXVariantGroup section */

/* Begin XCBuildConfiguration section */
		60CE1C8D17AEDFE400C6249F /* Debug */ = {
			isa = XCBuildConfiguration;
			buildSettings = {
				ALWAYS_SEARCH_USER_PATHS = NO;
				ARCHS = "$(ARCHS_STANDARD_32_BIT)";
				CLANG_ENABLE_OBJC_ARC = YES;
				"CODE_SIGN_IDENTITY[sdk=iphoneos*]" = "iPhone Developer";
				COPY_PHASE_STRIP = NO;
				GCC_C_LANGUAGE_STANDARD = gnu99;
				GCC_DYNAMIC_NO_PIC = NO;
				GCC_OPTIMIZATION_LEVEL = 0;
				GCC_PREPROCESSOR_DEFINITIONS = (
					"DEBUG=1",
					"$(inherited)",
				);
				GCC_SYMBOLS_PRIVATE_EXTERN = NO;
				GCC_VERSION = com.apple.compilers.llvm.clang.1_0;
				GCC_WARN_ABOUT_MISSING_PROTOTYPES = YES;
				GCC_WARN_ABOUT_RETURN_TYPE = YES;
				GCC_WARN_UNUSED_VARIABLE = YES;
				IPHONEOS_DEPLOYMENT_TARGET = 5.0;
				SDKROOT = iphoneos;
				TARGETED_DEVICE_FAMILY = "1,2";
			};
			name = Debug;
		};
		60CE1C8E17AEDFE400C6249F /* Release */ = {
			isa = XCBuildConfiguration;
			buildSettings = {
				ALWAYS_SEARCH_USER_PATHS = NO;
				ARCHS = "$(ARCHS_STANDARD_32_BIT)";
				CLANG_ENABLE_OBJC_ARC = YES;
				"CODE_SIGN_IDENTITY[sdk=iphoneos*]" = "iPhone Developer";
				COPY_PHASE_STRIP = YES;
				GCC_C_LANGUAGE_STANDARD = gnu99;
				GCC_VERSION = com.apple.compilers.llvm.clang.1_0;
				GCC_WARN_ABOUT_MISSING_PROTOTYPES = YES;
				GCC_WARN_ABOUT_RETURN_TYPE = YES;
				GCC_WARN_UNUSED_VARIABLE = YES;
				IPHONEOS_DEPLOYMENT_TARGET = 5.0;
				OTHER_CFLAGS = "-DNS_BLOCK_ASSERTIONS=1";
				SDKROOT = iphoneos;
				TARGETED_DEVICE_FAMILY = "1,2";
				VALIDATE_PRODUCT = YES;
			};
			name = Release;
		};
		60CE1C9017AEDFE400C6249F /* Debug */ = {
			isa = XCBuildConfiguration;
			buildSettings = {
				GCC_PRECOMPILE_PREFIX_HEADER = YES;
				GCC_PREFIX_HEADER = "Otoro-client-2/Otoro-client-2-Prefix.pch";
				INFOPLIST_FILE = "Otoro-client-2/Otoro-client-2-Info.plist";
				PRODUCT_NAME = "$(TARGET_NAME)";
				WRAPPER_EXTENSION = app;
			};
			name = Debug;
		};
		60CE1C9117AEDFE400C6249F /* Release */ = {
			isa = XCBuildConfiguration;
			buildSettings = {
				GCC_PRECOMPILE_PREFIX_HEADER = YES;
				GCC_PREFIX_HEADER = "Otoro-client-2/Otoro-client-2-Prefix.pch";
				INFOPLIST_FILE = "Otoro-client-2/Otoro-client-2-Info.plist";
				PRODUCT_NAME = "$(TARGET_NAME)";
				WRAPPER_EXTENSION = app;
			};
			name = Release;
		};
		60CE1C9317AEDFE400C6249F /* Debug */ = {
			isa = XCBuildConfiguration;
			buildSettings = {
				BUNDLE_LOADER = "$(BUILT_PRODUCTS_DIR)/Otoro-client-2.app/Otoro-client-2";
				FRAMEWORK_SEARCH_PATHS = (
					"$(SDKROOT)/Developer/Library/Frameworks",
					"$(DEVELOPER_LIBRARY_DIR)/Frameworks",
				);
				GCC_PRECOMPILE_PREFIX_HEADER = YES;
				GCC_PREFIX_HEADER = "Otoro-client-2/Otoro-client-2-Prefix.pch";
				INFOPLIST_FILE = "Otoro-client-2Tests/Otoro-client-2Tests-Info.plist";
				PRODUCT_NAME = "$(TARGET_NAME)";
				TEST_HOST = "$(BUNDLE_LOADER)";
				WRAPPER_EXTENSION = octest;
			};
			name = Debug;
		};
		60CE1C9417AEDFE400C6249F /* Release */ = {
			isa = XCBuildConfiguration;
			buildSettings = {
				BUNDLE_LOADER = "$(BUILT_PRODUCTS_DIR)/Otoro-client-2.app/Otoro-client-2";
				FRAMEWORK_SEARCH_PATHS = (
					"$(SDKROOT)/Developer/Library/Frameworks",
					"$(DEVELOPER_LIBRARY_DIR)/Frameworks",
				);
				GCC_PRECOMPILE_PREFIX_HEADER = YES;
				GCC_PREFIX_HEADER = "Otoro-client-2/Otoro-client-2-Prefix.pch";
				INFOPLIST_FILE = "Otoro-client-2Tests/Otoro-client-2Tests-Info.plist";
				PRODUCT_NAME = "$(TARGET_NAME)";
				TEST_HOST = "$(BUNDLE_LOADER)";
				WRAPPER_EXTENSION = octest;
			};
			name = Release;
		};
/* End XCBuildConfiguration section */

/* Begin XCConfigurationList section */
		60CE1C5C17AEDFE400C6249F /* Build configuration list for PBXProject "Otoro-client-2" */ = {
			isa = XCConfigurationList;
			buildConfigurations = (
				60CE1C8D17AEDFE400C6249F /* Debug */,
				60CE1C8E17AEDFE400C6249F /* Release */,
			);
			defaultConfigurationIsVisible = 0;
			defaultConfigurationName = Release;
		};
		60CE1C8F17AEDFE400C6249F /* Build configuration list for PBXNativeTarget "Otoro-client-2" */ = {
			isa = XCConfigurationList;
			buildConfigurations = (
				60CE1C9017AEDFE400C6249F /* Debug */,
				60CE1C9117AEDFE400C6249F /* Release */,
			);
			defaultConfigurationIsVisible = 0;
			defaultConfigurationName = Release;
		};
		60CE1C9217AEDFE400C6249F /* Build configuration list for PBXNativeTarget "Otoro-client-2Tests" */ = {
			isa = XCConfigurationList;
			buildConfigurations = (
				60CE1C9317AEDFE400C6249F /* Debug */,
				60CE1C9417AEDFE400C6249F /* Release */,
			);
			defaultConfigurationIsVisible = 0;
			defaultConfigurationName = Release;
		};
/* End XCConfigurationList section */
	};
	rootObject = 60CE1C5917AEDFE400C6249F /* Project object */;
}
