// !$*UTF8*$!
{
	archiveVersion = 1;
	classes = {
	};
	objectVersion = 46;
	objects = {

/* Begin PBXBuildFile section */
		601AB8D317F76FE100F82013 /* bluearrow@2x.png in Resources */ = {isa = PBXBuildFile; fileRef = 601AB8D217F76FE100F82013 /* bluearrow@2x.png */; };
		601AB8D917F7A0CA00F82013 /* SnapperMapAnnotation.m in Sources */ = {isa = PBXBuildFile; fileRef = 601AB8D817F7A0CA00F82013 /* SnapperMapAnnotation.m */; };
		601AB8DC17F7A98500F82013 /* SnapperMapAnnotationView.m in Sources */ = {isa = PBXBuildFile; fileRef = 601AB8DB17F7A98500F82013 /* SnapperMapAnnotationView.m */; };
		602A4CE617C02F2E007DEF27 /* FriendListViewController.m in Sources */ = {isa = PBXBuildFile; fileRef = 602A4CE417C02F2E007DEF27 /* FriendListViewController.m */; };
		602A4CE717C02F2E007DEF27 /* FriendListViewController.xib in Resources */ = {isa = PBXBuildFile; fileRef = 602A4CE517C02F2E007DEF27 /* FriendListViewController.xib */; };
		602A4CEA17C03966007DEF27 /* OUser.m in Sources */ = {isa = PBXBuildFile; fileRef = 602A4CE917C03966007DEF27 /* OUser.m */; };
		602A4CF217C03D9C007DEF27 /* SplashViewController.m in Sources */ = {isa = PBXBuildFile; fileRef = 602A4CF017C03D9C007DEF27 /* SplashViewController.m */; };
		602A4CF317C03D9C007DEF27 /* SplashViewController.xib in Resources */ = {isa = PBXBuildFile; fileRef = 602A4CF117C03D9C007DEF27 /* SplashViewController.xib */; };
		602A4CFC17C04017007DEF27 /* RegistrationViewController.m in Sources */ = {isa = PBXBuildFile; fileRef = 602A4CFA17C04017007DEF27 /* RegistrationViewController.m */; };
		602A4CFD17C04017007DEF27 /* RegistrationViewController.xib in Resources */ = {isa = PBXBuildFile; fileRef = 602A4CFB17C04017007DEF27 /* RegistrationViewController.xib */; };
		602A4D0117C052E3007DEF27 /* SettingsViewController.m in Sources */ = {isa = PBXBuildFile; fileRef = 602A4CFF17C052E3007DEF27 /* SettingsViewController.m */; };
		602A4D0217C052E3007DEF27 /* SettingsViewController.xib in Resources */ = {isa = PBXBuildFile; fileRef = 602A4D0017C052E3007DEF27 /* SettingsViewController.xib */; };
		602A4D0717C17D33007DEF27 /* AddFriendsViewController.m in Sources */ = {isa = PBXBuildFile; fileRef = 602A4D0517C17D32007DEF27 /* AddFriendsViewController.m */; };
		602A4D0817C17D33007DEF27 /* AddFriendsViewController.xib in Resources */ = {isa = PBXBuildFile; fileRef = 602A4D0617C17D32007DEF27 /* AddFriendsViewController.xib */; };
		60529FC217CA8E1700C7F064 /* AddressBook.framework in Frameworks */ = {isa = PBXBuildFile; fileRef = 60529FC117CA8E1700C7F064 /* AddressBook.framework */; };
		60529FCC17CAAD0000C7F064 /* SearchViewController.m in Sources */ = {isa = PBXBuildFile; fileRef = 60529FCA17CAAD0000C7F064 /* SearchViewController.m */; };
		60529FCD17CAAD0000C7F064 /* SearchViewController.xib in Resources */ = {isa = PBXBuildFile; fileRef = 60529FCB17CAAD0000C7F064 /* SearchViewController.xib */; };
		605CB7A017F818CB009F8228 /* LegalViewController.m in Sources */ = {isa = PBXBuildFile; fileRef = 605CB79E17F818CB009F8228 /* LegalViewController.m */; };
		605CB7A117F818CB009F8228 /* LegalViewController.xib in Resources */ = {isa = PBXBuildFile; fileRef = 605CB79F17F818CB009F8228 /* LegalViewController.xib */; };
		6089B86417CAB85D00C3CF9D /* AddressBookViewController.m in Sources */ = {isa = PBXBuildFile; fileRef = 6089B86217CAB85D00C3CF9D /* AddressBookViewController.m */; };
		6089B86517CAB85D00C3CF9D /* AddressBookViewController.xib in Resources */ = {isa = PBXBuildFile; fileRef = 6089B86317CAB85D00C3CF9D /* AddressBookViewController.xib */; };
		6089B86917CAB87500C3CF9D /* AddedYouViewController.m in Sources */ = {isa = PBXBuildFile; fileRef = 6089B86717CAB87500C3CF9D /* AddedYouViewController.m */; };
		6089B86A17CAB87500C3CF9D /* AddedYouViewController.xib in Resources */ = {isa = PBXBuildFile; fileRef = 6089B86817CAB87500C3CF9D /* AddedYouViewController.xib */; };
		608D600A17E67046008CD91F /* gothamthin.ttf in Resources */ = {isa = PBXBuildFile; fileRef = 608D600817E67046008CD91F /* gothamthin.ttf */; };
		608D600B17E67046008CD91F /* gothamlight.ttf in Resources */ = {isa = PBXBuildFile; fileRef = 608D600917E67046008CD91F /* gothamlight.ttf */; };
		608D600D17E67D55008CD91F /* snappermap_icon@2x.png in Resources */ = {isa = PBXBuildFile; fileRef = 608D600C17E67D54008CD91F /* snappermap_icon@2x.png */; };
		608D600F17E67E82008CD91F /* snappermap_icon.png in Resources */ = {isa = PBXBuildFile; fileRef = 608D600E17E67E82008CD91F /* snappermap_icon.png */; };
		608D601317E686CA008CD91F /* Default@2x.png in Resources */ = {isa = PBXBuildFile; fileRef = 608D601217E686CA008CD91F /* Default@2x.png */; };
		608D601517E68759008CD91F /* Default-568h@2x.png in Resources */ = {isa = PBXBuildFile; fileRef = 608D601417E68759008CD91F /* Default-568h@2x.png */; };
		608D601717E68760008CD91F /* Default.png in Resources */ = {isa = PBXBuildFile; fileRef = 608D601617E68760008CD91F /* Default.png */; };
		608D601D17E6A864008CD91F /* sushi_pin.png in Resources */ = {isa = PBXBuildFile; fileRef = 608D601C17E6A863008CD91F /* sushi_pin.png */; };
		608E7D9317DCFD2B00238AD7 /* AddressBookUI.framework in Frameworks */ = {isa = PBXBuildFile; fileRef = 608E7D9217DCFD2B00238AD7 /* AddressBookUI.framework */; };
		608EF30317DBF8760040B0B2 /* OtoroSentTableViewCell.m in Sources */ = {isa = PBXBuildFile; fileRef = 608EF30217DBF8760040B0B2 /* OtoroSentTableViewCell.m */; };
		608EF30617DBF8940040B0B2 /* OtoroReceivedTableViewCell.m in Sources */ = {isa = PBXBuildFile; fileRef = 608EF30517DBF8940040B0B2 /* OtoroReceivedTableViewCell.m */; };
		608EF30817DBF9040040B0B2 /* OtoroSentTableViewCell.xib in Resources */ = {isa = PBXBuildFile; fileRef = 608EF30717DBF9040040B0B2 /* OtoroSentTableViewCell.xib */; };
		608EF30A17DBF9530040B0B2 /* OtoroReceivedTableViewCell.xib in Resources */ = {isa = PBXBuildFile; fileRef = 608EF30917DBF9530040B0B2 /* OtoroReceivedTableViewCell.xib */; };
		609227D417B84CA100E1D897 /* CreateToroViewController.m in Sources */ = {isa = PBXBuildFile; fileRef = 609227D317B84CA100E1D897 /* CreateToroViewController.m */; };
		609227D617B84CC100E1D897 /* CreateToroViewController.xib in Resources */ = {isa = PBXBuildFile; fileRef = 609227D517B84CC100E1D897 /* CreateToroViewController.xib */; };
		609227D817B8538C00E1D897 /* CoreLocation.framework in Frameworks */ = {isa = PBXBuildFile; fileRef = 609227D717B8538C00E1D897 /* CoreLocation.framework */; };
		6097D9DF17B34A0100EC094E /* Toro.m in Sources */ = {isa = PBXBuildFile; fileRef = 6097D9DE17B34A0100EC094E /* Toro.m */; };
		60CE1C6717AEDFE400C6249F /* UIKit.framework in Frameworks */ = {isa = PBXBuildFile; fileRef = 60CE1C6617AEDFE400C6249F /* UIKit.framework */; };
		60CE1C6917AEDFE400C6249F /* Foundation.framework in Frameworks */ = {isa = PBXBuildFile; fileRef = 60CE1C6817AEDFE400C6249F /* Foundation.framework */; };
		60CE1C6B17AEDFE400C6249F /* CoreGraphics.framework in Frameworks */ = {isa = PBXBuildFile; fileRef = 60CE1C6A17AEDFE400C6249F /* CoreGraphics.framework */; };
		60CE1C7117AEDFE400C6249F /* InfoPlist.strings in Resources */ = {isa = PBXBuildFile; fileRef = 60CE1C6F17AEDFE400C6249F /* InfoPlist.strings */; };
		60CE1C7317AEDFE400C6249F /* main.m in Sources */ = {isa = PBXBuildFile; fileRef = 60CE1C7217AEDFE400C6249F /* main.m */; };
		60CE1C7717AEDFE400C6249F /* OAppDelegate.m in Sources */ = {isa = PBXBuildFile; fileRef = 60CE1C7617AEDFE400C6249F /* OAppDelegate.m */; };
		60CE1C7F17AEDFE400C6249F /* SenTestingKit.framework in Frameworks */ = {isa = PBXBuildFile; fileRef = 60CE1C7E17AEDFE400C6249F /* SenTestingKit.framework */; };
		60CE1C8017AEDFE400C6249F /* UIKit.framework in Frameworks */ = {isa = PBXBuildFile; fileRef = 60CE1C6617AEDFE400C6249F /* UIKit.framework */; };
		60CE1C8117AEDFE400C6249F /* Foundation.framework in Frameworks */ = {isa = PBXBuildFile; fileRef = 60CE1C6817AEDFE400C6249F /* Foundation.framework */; };
		60CE1C8917AEDFE400C6249F /* InfoPlist.strings in Resources */ = {isa = PBXBuildFile; fileRef = 60CE1C8717AEDFE400C6249F /* InfoPlist.strings */; };
		60CE1C8C17AEDFE400C6249F /* Otoro_client_2Tests.m in Sources */ = {isa = PBXBuildFile; fileRef = 60CE1C8B17AEDFE400C6249F /* Otoro_client_2Tests.m */; };
		60CE1C9817AEE01B00C6249F /* OtoroContentViewController.m in Sources */ = {isa = PBXBuildFile; fileRef = 60CE1C9617AEE01B00C6249F /* OtoroContentViewController.m */; };
		60CE1C9917AEE01B00C6249F /* OtoroContentViewController.xib in Resources */ = {isa = PBXBuildFile; fileRef = 60CE1C9717AEE01B00C6249F /* OtoroContentViewController.xib */; };
		60CE1C9D17AF2D3F00C6249F /* ToroViewController.m in Sources */ = {isa = PBXBuildFile; fileRef = 60CE1C9B17AF2D3E00C6249F /* ToroViewController.m */; };
		60CE1C9E17AF2D3F00C6249F /* ToroViewController.xib in Resources */ = {isa = PBXBuildFile; fileRef = 60CE1C9C17AF2D3F00C6249F /* ToroViewController.xib */; };
		60CE1CA017AF2DAB00C6249F /* MapKit.framework in Frameworks */ = {isa = PBXBuildFile; fileRef = 60CE1C9F17AF2DAB00C6249F /* MapKit.framework */; };
		DB9DA81C17C01D43005418CB /* OtoroConnection.m in Sources */ = {isa = PBXBuildFile; fileRef = DB9DA81B17C01D43005418CB /* OtoroConnection.m */; };
		DB9DA82117C02AB9005418CB /* OtoroConnectionCall.m in Sources */ = {isa = PBXBuildFile; fileRef = DB9DA82017C02AB9005418CB /* OtoroConnectionCall.m */; };
		F4B0CD7D17E6965C0057738D /* snappermap_inapp_icon_large.png in Resources */ = {isa = PBXBuildFile; fileRef = F4B0CD7917E6965C0057738D /* snappermap_inapp_icon_large.png */; };
		F4B0CD7E17E6965C0057738D /* snappermap_inapp_icon_large@2x.png in Resources */ = {isa = PBXBuildFile; fileRef = F4B0CD7A17E6965C0057738D /* snappermap_inapp_icon_large@2x.png */; };
		F4B0CD7F17E6965C0057738D /* snappermap_inapp_icon_small.png in Resources */ = {isa = PBXBuildFile; fileRef = F4B0CD7B17E6965C0057738D /* snappermap_inapp_icon_small.png */; };
		F4B0CD8017E6965C0057738D /* snappermap_inapp_icon_small@2x.png in Resources */ = {isa = PBXBuildFile; fileRef = F4B0CD7C17E6965C0057738D /* snappermap_inapp_icon_small@2x.png */; };
		F4E3E0A517E682D100807D97 /* friends_icon.png in Resources */ = {isa = PBXBuildFile; fileRef = F4E3E0A317E682D100807D97 /* friends_icon.png */; };
		F4E3E0A617E682D100807D97 /* friends_icon@2x.png in Resources */ = {isa = PBXBuildFile; fileRef = F4E3E0A417E682D100807D97 /* friends_icon@2x.png */; };
		F4E3E0AA17E6890500807D97 /* back_arrow_white_icon.png in Resources */ = {isa = PBXBuildFile; fileRef = F4E3E0A817E6890500807D97 /* back_arrow_white_icon.png */; };
		F4E3E0AB17E6890500807D97 /* back_arrow_white_icon@2x.png in Resources */ = {isa = PBXBuildFile; fileRef = F4E3E0A917E6890500807D97 /* back_arrow_white_icon@2x.png */; };
		F4E3E0AE17E689DB00807D97 /* plus_icon.png in Resources */ = {isa = PBXBuildFile; fileRef = F4E3E0AC17E689DB00807D97 /* plus_icon.png */; };
		F4E3E0AF17E689DB00807D97 /* plus_icon@2x.png in Resources */ = {isa = PBXBuildFile; fileRef = F4E3E0AD17E689DB00807D97 /* plus_icon@2x.png */; };
		F4E3E0B217E68C7F00807D97 /* contact_icon.png in Resources */ = {isa = PBXBuildFile; fileRef = F4E3E0B017E68C7F00807D97 /* contact_icon.png */; };
		F4E3E0B317E68C7F00807D97 /* contact_icon@2x.png in Resources */ = {isa = PBXBuildFile; fileRef = F4E3E0B117E68C7F00807D97 /* contact_icon@2x.png */; };
		F4E3E0B617E68CA100807D97 /* search_icon.png in Resources */ = {isa = PBXBuildFile; fileRef = F4E3E0B417E68CA100807D97 /* search_icon.png */; };
		F4E3E0B717E68CA100807D97 /* search_icon@2x.png in Resources */ = {isa = PBXBuildFile; fileRef = F4E3E0B517E68CA100807D97 /* search_icon@2x.png */; };
		F4F31E8517E680F60067DB1D /* back_arrow_icon.png in Resources */ = {isa = PBXBuildFile; fileRef = F4F31E7F17E680F60067DB1D /* back_arrow_icon.png */; };
		F4F31E8617E680F60067DB1D /* back_arrow_icon@2x.png in Resources */ = {isa = PBXBuildFile; fileRef = F4F31E8017E680F60067DB1D /* back_arrow_icon@2x.png */; };
		F4F31E8717E680F60067DB1D /* globe_icon.png in Resources */ = {isa = PBXBuildFile; fileRef = F4F31E8117E680F60067DB1D /* globe_icon.png */; };
		F4F31E8817E680F60067DB1D /* globe_icon@2x.png in Resources */ = {isa = PBXBuildFile; fileRef = F4F31E8217E680F60067DB1D /* globe_icon@2x.png */; };
		F4F31E8917E680F60067DB1D /* settings_icon.png in Resources */ = {isa = PBXBuildFile; fileRef = F4F31E8317E680F60067DB1D /* settings_icon.png */; };
		F4F31E8A17E680F60067DB1D /* settings_icon@2x.png in Resources */ = {isa = PBXBuildFile; fileRef = F4F31E8417E680F60067DB1D /* settings_icon@2x.png */; };
		F4F9A53917DBDADD0027AE66 /* OtoroChooseVenueViewController.m in Sources */ = {isa = PBXBuildFile; fileRef = F4F9A53717DBDADC0027AE66 /* OtoroChooseVenueViewController.m */; };
		F4F9A53A17DBDADD0027AE66 /* OtoroChooseVenueViewController.xib in Resources */ = {isa = PBXBuildFile; fileRef = F4F9A53817DBDADC0027AE66 /* OtoroChooseVenueViewController.xib */; };
		F4F9A53D17DBE1890027AE66 /* OVenue.m in Sources */ = {isa = PBXBuildFile; fileRef = F4F9A53C17DBE1890027AE66 /* OVenue.m */; };
		F4F9A54117DBE7BC0027AE66 /* poweredByFoursquare.png in Resources */ = {isa = PBXBuildFile; fileRef = F4F9A53F17DBE7BC0027AE66 /* poweredByFoursquare.png */; };
		F4F9A54217DBE7BC0027AE66 /* poweredByFoursquare@2x.png in Resources */ = {isa = PBXBuildFile; fileRef = F4F9A54017DBE7BC0027AE66 /* poweredByFoursquare@2x.png */; };
/* End PBXBuildFile section */

/* Begin PBXContainerItemProxy section */
		60CE1C8217AEDFE400C6249F /* PBXContainerItemProxy */ = {
			isa = PBXContainerItemProxy;
			containerPortal = 60CE1C5917AEDFE400C6249F /* Project object */;
			proxyType = 1;
			remoteGlobalIDString = 60CE1C6117AEDFE400C6249F;
			remoteInfo = "Otoro-client-2";
		};
/* End PBXContainerItemProxy section */

/* Begin PBXFileReference section */
		601AB8D217F76FE100F82013 /* bluearrow@2x.png */ = {isa = PBXFileReference; lastKnownFileType = image.png; path = "bluearrow@2x.png"; sourceTree = "<group>"; };
		601AB8D717F7A0CA00F82013 /* SnapperMapAnnotation.h */ = {isa = PBXFileReference; fileEncoding = 4; lastKnownFileType = sourcecode.c.h; path = SnapperMapAnnotation.h; sourceTree = "<group>"; };
		601AB8D817F7A0CA00F82013 /* SnapperMapAnnotation.m */ = {isa = PBXFileReference; fileEncoding = 4; lastKnownFileType = sourcecode.c.objc; path = SnapperMapAnnotation.m; sourceTree = "<group>"; };
		601AB8DA17F7A98500F82013 /* SnapperMapAnnotationView.h */ = {isa = PBXFileReference; fileEncoding = 4; lastKnownFileType = sourcecode.c.h; path = SnapperMapAnnotationView.h; sourceTree = "<group>"; };
		601AB8DB17F7A98500F82013 /* SnapperMapAnnotationView.m */ = {isa = PBXFileReference; fileEncoding = 4; lastKnownFileType = sourcecode.c.objc; path = SnapperMapAnnotationView.m; sourceTree = "<group>"; };
		602A4CE317C02F2E007DEF27 /* FriendListViewController.h */ = {isa = PBXFileReference; fileEncoding = 4; lastKnownFileType = sourcecode.c.h; path = FriendListViewController.h; sourceTree = "<group>"; };
		602A4CE417C02F2E007DEF27 /* FriendListViewController.m */ = {isa = PBXFileReference; fileEncoding = 4; lastKnownFileType = sourcecode.c.objc; path = FriendListViewController.m; sourceTree = "<group>"; };
		602A4CE517C02F2E007DEF27 /* FriendListViewController.xib */ = {isa = PBXFileReference; fileEncoding = 4; lastKnownFileType = file.xib; path = FriendListViewController.xib; sourceTree = "<group>"; };
		602A4CE817C03966007DEF27 /* OUser.h */ = {isa = PBXFileReference; fileEncoding = 4; lastKnownFileType = sourcecode.c.h; path = OUser.h; sourceTree = "<group>"; };
		602A4CE917C03966007DEF27 /* OUser.m */ = {isa = PBXFileReference; fileEncoding = 4; lastKnownFileType = sourcecode.c.objc; path = OUser.m; sourceTree = "<group>"; };
		602A4CEF17C03D9C007DEF27 /* SplashViewController.h */ = {isa = PBXFileReference; fileEncoding = 4; lastKnownFileType = sourcecode.c.h; path = SplashViewController.h; sourceTree = "<group>"; };
		602A4CF017C03D9C007DEF27 /* SplashViewController.m */ = {isa = PBXFileReference; fileEncoding = 4; lastKnownFileType = sourcecode.c.objc; path = SplashViewController.m; sourceTree = "<group>"; };
		602A4CF117C03D9C007DEF27 /* SplashViewController.xib */ = {isa = PBXFileReference; fileEncoding = 4; lastKnownFileType = file.xib; path = SplashViewController.xib; sourceTree = "<group>"; };
		602A4CF917C04017007DEF27 /* RegistrationViewController.h */ = {isa = PBXFileReference; fileEncoding = 4; lastKnownFileType = sourcecode.c.h; path = RegistrationViewController.h; sourceTree = "<group>"; };
		602A4CFA17C04017007DEF27 /* RegistrationViewController.m */ = {isa = PBXFileReference; fileEncoding = 4; lastKnownFileType = sourcecode.c.objc; path = RegistrationViewController.m; sourceTree = "<group>"; };
		602A4CFB17C04017007DEF27 /* RegistrationViewController.xib */ = {isa = PBXFileReference; fileEncoding = 4; lastKnownFileType = file.xib; path = RegistrationViewController.xib; sourceTree = "<group>"; };
		602A4CFE17C052E3007DEF27 /* SettingsViewController.h */ = {isa = PBXFileReference; fileEncoding = 4; lastKnownFileType = sourcecode.c.h; path = SettingsViewController.h; sourceTree = "<group>"; };
		602A4CFF17C052E3007DEF27 /* SettingsViewController.m */ = {isa = PBXFileReference; fileEncoding = 4; lastKnownFileType = sourcecode.c.objc; path = SettingsViewController.m; sourceTree = "<group>"; };
		602A4D0017C052E3007DEF27 /* SettingsViewController.xib */ = {isa = PBXFileReference; fileEncoding = 4; lastKnownFileType = file.xib; path = SettingsViewController.xib; sourceTree = "<group>"; };
		602A4D0417C17D31007DEF27 /* AddFriendsViewController.h */ = {isa = PBXFileReference; fileEncoding = 4; lastKnownFileType = sourcecode.c.h; path = AddFriendsViewController.h; sourceTree = "<group>"; };
		602A4D0517C17D32007DEF27 /* AddFriendsViewController.m */ = {isa = PBXFileReference; fileEncoding = 4; lastKnownFileType = sourcecode.c.objc; path = AddFriendsViewController.m; sourceTree = "<group>"; };
		602A4D0617C17D32007DEF27 /* AddFriendsViewController.xib */ = {isa = PBXFileReference; fileEncoding = 4; lastKnownFileType = file.xib; path = AddFriendsViewController.xib; sourceTree = "<group>"; };
		60529FC117CA8E1700C7F064 /* AddressBook.framework */ = {isa = PBXFileReference; lastKnownFileType = wrapper.framework; name = AddressBook.framework; path = System/Library/Frameworks/AddressBook.framework; sourceTree = SDKROOT; };
		60529FC917CAACFF00C7F064 /* SearchViewController.h */ = {isa = PBXFileReference; fileEncoding = 4; lastKnownFileType = sourcecode.c.h; path = SearchViewController.h; sourceTree = "<group>"; };
		60529FCA17CAAD0000C7F064 /* SearchViewController.m */ = {isa = PBXFileReference; fileEncoding = 4; lastKnownFileType = sourcecode.c.objc; path = SearchViewController.m; sourceTree = "<group>"; };
		60529FCB17CAAD0000C7F064 /* SearchViewController.xib */ = {isa = PBXFileReference; fileEncoding = 4; lastKnownFileType = file.xib; path = SearchViewController.xib; sourceTree = "<group>"; };
		605CB79D17F818CB009F8228 /* LegalViewController.h */ = {isa = PBXFileReference; fileEncoding = 4; lastKnownFileType = sourcecode.c.h; path = LegalViewController.h; sourceTree = "<group>"; };
		605CB79E17F818CB009F8228 /* LegalViewController.m */ = {isa = PBXFileReference; fileEncoding = 4; lastKnownFileType = sourcecode.c.objc; path = LegalViewController.m; sourceTree = "<group>"; };
		605CB79F17F818CB009F8228 /* LegalViewController.xib */ = {isa = PBXFileReference; fileEncoding = 4; lastKnownFileType = file.xib; path = LegalViewController.xib; sourceTree = "<group>"; };
		6089B86117CAB85D00C3CF9D /* AddressBookViewController.h */ = {isa = PBXFileReference; fileEncoding = 4; lastKnownFileType = sourcecode.c.h; path = AddressBookViewController.h; sourceTree = "<group>"; };
		6089B86217CAB85D00C3CF9D /* AddressBookViewController.m */ = {isa = PBXFileReference; fileEncoding = 4; lastKnownFileType = sourcecode.c.objc; path = AddressBookViewController.m; sourceTree = "<group>"; };
		6089B86317CAB85D00C3CF9D /* AddressBookViewController.xib */ = {isa = PBXFileReference; fileEncoding = 4; lastKnownFileType = file.xib; path = AddressBookViewController.xib; sourceTree = "<group>"; };
		6089B86617CAB87500C3CF9D /* AddedYouViewController.h */ = {isa = PBXFileReference; fileEncoding = 4; lastKnownFileType = sourcecode.c.h; path = AddedYouViewController.h; sourceTree = "<group>"; };
		6089B86717CAB87500C3CF9D /* AddedYouViewController.m */ = {isa = PBXFileReference; fileEncoding = 4; lastKnownFileType = sourcecode.c.objc; path = AddedYouViewController.m; sourceTree = "<group>"; };
		6089B86817CAB87500C3CF9D /* AddedYouViewController.xib */ = {isa = PBXFileReference; fileEncoding = 4; lastKnownFileType = file.xib; path = AddedYouViewController.xib; sourceTree = "<group>"; };
		608D600817E67046008CD91F /* gothamthin.ttf */ = {isa = PBXFileReference; lastKnownFileType = file; path = gothamthin.ttf; sourceTree = "<group>"; };
		608D600917E67046008CD91F /* gothamlight.ttf */ = {isa = PBXFileReference; lastKnownFileType = file; path = gothamlight.ttf; sourceTree = "<group>"; };
		608D600C17E67D54008CD91F /* snappermap_icon@2x.png */ = {isa = PBXFileReference; lastKnownFileType = image.png; path = "snappermap_icon@2x.png"; sourceTree = "<group>"; };
		608D600E17E67E82008CD91F /* snappermap_icon.png */ = {isa = PBXFileReference; lastKnownFileType = image.png; path = snappermap_icon.png; sourceTree = "<group>"; };
		608D601217E686CA008CD91F /* Default@2x.png */ = {isa = PBXFileReference; lastKnownFileType = image.png; path = "Default@2x.png"; sourceTree = "<group>"; };
		608D601417E68759008CD91F /* Default-568h@2x.png */ = {isa = PBXFileReference; lastKnownFileType = image.png; path = "Default-568h@2x.png"; sourceTree = "<group>"; };
		608D601617E68760008CD91F /* Default.png */ = {isa = PBXFileReference; lastKnownFileType = image.png; path = Default.png; sourceTree = "<group>"; };
		608D601C17E6A863008CD91F /* sushi_pin.png */ = {isa = PBXFileReference; lastKnownFileType = image.png; path = sushi_pin.png; sourceTree = "<group>"; };
		608E7D9217DCFD2B00238AD7 /* AddressBookUI.framework */ = {isa = PBXFileReference; lastKnownFileType = wrapper.framework; name = AddressBookUI.framework; path = System/Library/Frameworks/AddressBookUI.framework; sourceTree = SDKROOT; };
		608EF30117DBF8760040B0B2 /* OtoroSentTableViewCell.h */ = {isa = PBXFileReference; fileEncoding = 4; lastKnownFileType = sourcecode.c.h; path = OtoroSentTableViewCell.h; sourceTree = "<group>"; };
		608EF30217DBF8760040B0B2 /* OtoroSentTableViewCell.m */ = {isa = PBXFileReference; fileEncoding = 4; lastKnownFileType = sourcecode.c.objc; path = OtoroSentTableViewCell.m; sourceTree = "<group>"; };
		608EF30417DBF8940040B0B2 /* OtoroReceivedTableViewCell.h */ = {isa = PBXFileReference; fileEncoding = 4; lastKnownFileType = sourcecode.c.h; path = OtoroReceivedTableViewCell.h; sourceTree = "<group>"; };
		608EF30517DBF8940040B0B2 /* OtoroReceivedTableViewCell.m */ = {isa = PBXFileReference; fileEncoding = 4; lastKnownFileType = sourcecode.c.objc; path = OtoroReceivedTableViewCell.m; sourceTree = "<group>"; };
		608EF30717DBF9040040B0B2 /* OtoroSentTableViewCell.xib */ = {isa = PBXFileReference; fileEncoding = 4; lastKnownFileType = file.xib; path = OtoroSentTableViewCell.xib; sourceTree = "<group>"; };
		608EF30917DBF9530040B0B2 /* OtoroReceivedTableViewCell.xib */ = {isa = PBXFileReference; fileEncoding = 4; lastKnownFileType = file.xib; path = OtoroReceivedTableViewCell.xib; sourceTree = "<group>"; };
		609227D217B84CA100E1D897 /* CreateToroViewController.h */ = {isa = PBXFileReference; fileEncoding = 4; lastKnownFileType = sourcecode.c.h; path = CreateToroViewController.h; sourceTree = "<group>"; };
		609227D317B84CA100E1D897 /* CreateToroViewController.m */ = {isa = PBXFileReference; fileEncoding = 4; lastKnownFileType = sourcecode.c.objc; path = CreateToroViewController.m; sourceTree = "<group>"; };
		609227D517B84CC100E1D897 /* CreateToroViewController.xib */ = {isa = PBXFileReference; fileEncoding = 4; lastKnownFileType = file.xib; path = CreateToroViewController.xib; sourceTree = "<group>"; };
		609227D717B8538C00E1D897 /* CoreLocation.framework */ = {isa = PBXFileReference; lastKnownFileType = wrapper.framework; name = CoreLocation.framework; path = System/Library/Frameworks/CoreLocation.framework; sourceTree = SDKROOT; };
		6097D9DD17B34A0100EC094E /* Toro.h */ = {isa = PBXFileReference; fileEncoding = 4; lastKnownFileType = sourcecode.c.h; path = Toro.h; sourceTree = "<group>"; };
		6097D9DE17B34A0100EC094E /* Toro.m */ = {isa = PBXFileReference; fileEncoding = 4; lastKnownFileType = sourcecode.c.objc; path = Toro.m; sourceTree = "<group>"; };
		60CE1C6217AEDFE400C6249F /* snappermap.app */ = {isa = PBXFileReference; explicitFileType = wrapper.application; includeInIndex = 0; path = snappermap.app; sourceTree = BUILT_PRODUCTS_DIR; };
		60CE1C6617AEDFE400C6249F /* UIKit.framework */ = {isa = PBXFileReference; lastKnownFileType = wrapper.framework; name = UIKit.framework; path = System/Library/Frameworks/UIKit.framework; sourceTree = SDKROOT; };
		60CE1C6817AEDFE400C6249F /* Foundation.framework */ = {isa = PBXFileReference; lastKnownFileType = wrapper.framework; name = Foundation.framework; path = System/Library/Frameworks/Foundation.framework; sourceTree = SDKROOT; };
		60CE1C6A17AEDFE400C6249F /* CoreGraphics.framework */ = {isa = PBXFileReference; lastKnownFileType = wrapper.framework; name = CoreGraphics.framework; path = System/Library/Frameworks/CoreGraphics.framework; sourceTree = SDKROOT; };
		60CE1C6E17AEDFE400C6249F /* snappermap-Info.plist */ = {isa = PBXFileReference; lastKnownFileType = text.plist.xml; path = "snappermap-Info.plist"; sourceTree = "<group>"; };
		60CE1C7017AEDFE400C6249F /* en */ = {isa = PBXFileReference; lastKnownFileType = text.plist.strings; name = en; path = en.lproj/InfoPlist.strings; sourceTree = "<group>"; };
		60CE1C7217AEDFE400C6249F /* main.m */ = {isa = PBXFileReference; lastKnownFileType = sourcecode.c.objc; path = main.m; sourceTree = "<group>"; };
		60CE1C7417AEDFE400C6249F /* snappermap-Prefix.pch */ = {isa = PBXFileReference; lastKnownFileType = sourcecode.c.h; path = "snappermap-Prefix.pch"; sourceTree = "<group>"; };
		60CE1C7517AEDFE400C6249F /* OAppDelegate.h */ = {isa = PBXFileReference; lastKnownFileType = sourcecode.c.h; path = OAppDelegate.h; sourceTree = "<group>"; };
		60CE1C7617AEDFE400C6249F /* OAppDelegate.m */ = {isa = PBXFileReference; lastKnownFileType = sourcecode.c.objc; path = OAppDelegate.m; sourceTree = "<group>"; };
		60CE1C7D17AEDFE400C6249F /* snappermapTests.octest */ = {isa = PBXFileReference; explicitFileType = wrapper.cfbundle; includeInIndex = 0; path = snappermapTests.octest; sourceTree = BUILT_PRODUCTS_DIR; };
		60CE1C7E17AEDFE400C6249F /* SenTestingKit.framework */ = {isa = PBXFileReference; lastKnownFileType = wrapper.framework; name = SenTestingKit.framework; path = Library/Frameworks/SenTestingKit.framework; sourceTree = DEVELOPER_DIR; };
		60CE1C8617AEDFE400C6249F /* snappermapTests-Info.plist */ = {isa = PBXFileReference; lastKnownFileType = text.plist.xml; path = "snappermapTests-Info.plist"; sourceTree = "<group>"; };
		60CE1C8817AEDFE400C6249F /* en */ = {isa = PBXFileReference; lastKnownFileType = text.plist.strings; name = en; path = en.lproj/InfoPlist.strings; sourceTree = "<group>"; };
		60CE1C8A17AEDFE400C6249F /* Otoro_client_2Tests.h */ = {isa = PBXFileReference; lastKnownFileType = sourcecode.c.h; path = Otoro_client_2Tests.h; sourceTree = "<group>"; };
		60CE1C8B17AEDFE400C6249F /* Otoro_client_2Tests.m */ = {isa = PBXFileReference; lastKnownFileType = sourcecode.c.objc; path = Otoro_client_2Tests.m; sourceTree = "<group>"; };
		60CE1C9517AEE01B00C6249F /* OtoroContentViewController.h */ = {isa = PBXFileReference; fileEncoding = 4; lastKnownFileType = sourcecode.c.h; path = OtoroContentViewController.h; sourceTree = "<group>"; };
		60CE1C9617AEE01B00C6249F /* OtoroContentViewController.m */ = {isa = PBXFileReference; fileEncoding = 4; lastKnownFileType = sourcecode.c.objc; path = OtoroContentViewController.m; sourceTree = "<group>"; };
		60CE1C9717AEE01B00C6249F /* OtoroContentViewController.xib */ = {isa = PBXFileReference; fileEncoding = 4; lastKnownFileType = file.xib; path = OtoroContentViewController.xib; sourceTree = "<group>"; };
		60CE1C9A17AF2D3E00C6249F /* ToroViewController.h */ = {isa = PBXFileReference; fileEncoding = 4; lastKnownFileType = sourcecode.c.h; path = ToroViewController.h; sourceTree = "<group>"; };
		60CE1C9B17AF2D3E00C6249F /* ToroViewController.m */ = {isa = PBXFileReference; fileEncoding = 4; lastKnownFileType = sourcecode.c.objc; path = ToroViewController.m; sourceTree = "<group>"; };
		60CE1C9C17AF2D3F00C6249F /* ToroViewController.xib */ = {isa = PBXFileReference; fileEncoding = 4; lastKnownFileType = file.xib; path = ToroViewController.xib; sourceTree = "<group>"; };
		60CE1C9F17AF2DAB00C6249F /* MapKit.framework */ = {isa = PBXFileReference; lastKnownFileType = wrapper.framework; name = MapKit.framework; path = System/Library/Frameworks/MapKit.framework; sourceTree = SDKROOT; };
		DB9DA81A17C01D43005418CB /* OtoroConnection.h */ = {isa = PBXFileReference; fileEncoding = 4; lastKnownFileType = sourcecode.c.h; path = OtoroConnection.h; sourceTree = "<group>"; };
		DB9DA81B17C01D43005418CB /* OtoroConnection.m */ = {isa = PBXFileReference; fileEncoding = 4; lastKnownFileType = sourcecode.c.objc; path = OtoroConnection.m; sourceTree = "<group>"; };
		DB9DA81F17C02AB9005418CB /* OtoroConnectionCall.h */ = {isa = PBXFileReference; fileEncoding = 4; lastKnownFileType = sourcecode.c.h; path = OtoroConnectionCall.h; sourceTree = "<group>"; };
		DB9DA82017C02AB9005418CB /* OtoroConnectionCall.m */ = {isa = PBXFileReference; fileEncoding = 4; lastKnownFileType = sourcecode.c.objc; path = OtoroConnectionCall.m; sourceTree = "<group>"; };
		F4B0CD7917E6965C0057738D /* snappermap_inapp_icon_large.png */ = {isa = PBXFileReference; lastKnownFileType = image.png; name = snappermap_inapp_icon_large.png; path = Resources/snappermap_inapp_icon_large.png; sourceTree = "<group>"; };
		F4B0CD7A17E6965C0057738D /* snappermap_inapp_icon_large@2x.png */ = {isa = PBXFileReference; lastKnownFileType = image.png; name = "snappermap_inapp_icon_large@2x.png"; path = "Resources/snappermap_inapp_icon_large@2x.png"; sourceTree = "<group>"; };
		F4B0CD7B17E6965C0057738D /* snappermap_inapp_icon_small.png */ = {isa = PBXFileReference; lastKnownFileType = image.png; name = snappermap_inapp_icon_small.png; path = Resources/snappermap_inapp_icon_small.png; sourceTree = "<group>"; };
		F4B0CD7C17E6965C0057738D /* snappermap_inapp_icon_small@2x.png */ = {isa = PBXFileReference; lastKnownFileType = image.png; name = "snappermap_inapp_icon_small@2x.png"; path = "Resources/snappermap_inapp_icon_small@2x.png"; sourceTree = "<group>"; };
		F4E3E0A317E682D100807D97 /* friends_icon.png */ = {isa = PBXFileReference; lastKnownFileType = image.png; path = friends_icon.png; sourceTree = "<group>"; };
		F4E3E0A417E682D100807D97 /* friends_icon@2x.png */ = {isa = PBXFileReference; lastKnownFileType = image.png; path = "friends_icon@2x.png"; sourceTree = "<group>"; };
		F4E3E0A817E6890500807D97 /* back_arrow_white_icon.png */ = {isa = PBXFileReference; lastKnownFileType = image.png; path = back_arrow_white_icon.png; sourceTree = "<group>"; };
		F4E3E0A917E6890500807D97 /* back_arrow_white_icon@2x.png */ = {isa = PBXFileReference; lastKnownFileType = image.png; path = "back_arrow_white_icon@2x.png"; sourceTree = "<group>"; };
		F4E3E0AC17E689DB00807D97 /* plus_icon.png */ = {isa = PBXFileReference; lastKnownFileType = image.png; path = plus_icon.png; sourceTree = "<group>"; };
		F4E3E0AD17E689DB00807D97 /* plus_icon@2x.png */ = {isa = PBXFileReference; lastKnownFileType = image.png; path = "plus_icon@2x.png"; sourceTree = "<group>"; };
		F4E3E0B017E68C7F00807D97 /* contact_icon.png */ = {isa = PBXFileReference; lastKnownFileType = image.png; path = contact_icon.png; sourceTree = "<group>"; };
		F4E3E0B117E68C7F00807D97 /* contact_icon@2x.png */ = {isa = PBXFileReference; lastKnownFileType = image.png; path = "contact_icon@2x.png"; sourceTree = "<group>"; };
		F4E3E0B417E68CA100807D97 /* search_icon.png */ = {isa = PBXFileReference; lastKnownFileType = image.png; path = search_icon.png; sourceTree = "<group>"; };
		F4E3E0B517E68CA100807D97 /* search_icon@2x.png */ = {isa = PBXFileReference; lastKnownFileType = image.png; path = "search_icon@2x.png"; sourceTree = "<group>"; };
		F4F31E7F17E680F60067DB1D /* back_arrow_icon.png */ = {isa = PBXFileReference; lastKnownFileType = image.png; name = back_arrow_icon.png; path = Resources/back_arrow_icon.png; sourceTree = "<group>"; };
		F4F31E8017E680F60067DB1D /* back_arrow_icon@2x.png */ = {isa = PBXFileReference; lastKnownFileType = image.png; name = "back_arrow_icon@2x.png"; path = "Resources/back_arrow_icon@2x.png"; sourceTree = "<group>"; };
		F4F31E8117E680F60067DB1D /* globe_icon.png */ = {isa = PBXFileReference; lastKnownFileType = image.png; name = globe_icon.png; path = Resources/globe_icon.png; sourceTree = "<group>"; };
		F4F31E8217E680F60067DB1D /* globe_icon@2x.png */ = {isa = PBXFileReference; lastKnownFileType = image.png; name = "globe_icon@2x.png"; path = "Resources/globe_icon@2x.png"; sourceTree = "<group>"; };
		F4F31E8317E680F60067DB1D /* settings_icon.png */ = {isa = PBXFileReference; lastKnownFileType = image.png; name = settings_icon.png; path = Resources/settings_icon.png; sourceTree = "<group>"; };
		F4F31E8417E680F60067DB1D /* settings_icon@2x.png */ = {isa = PBXFileReference; lastKnownFileType = image.png; name = "settings_icon@2x.png"; path = "Resources/settings_icon@2x.png"; sourceTree = "<group>"; };
		F4F9A53617DBDADA0027AE66 /* OtoroChooseVenueViewController.h */ = {isa = PBXFileReference; fileEncoding = 4; lastKnownFileType = sourcecode.c.h; path = OtoroChooseVenueViewController.h; sourceTree = "<group>"; };
		F4F9A53717DBDADC0027AE66 /* OtoroChooseVenueViewController.m */ = {isa = PBXFileReference; fileEncoding = 4; lastKnownFileType = sourcecode.c.objc; path = OtoroChooseVenueViewController.m; sourceTree = "<group>"; };
		F4F9A53817DBDADC0027AE66 /* OtoroChooseVenueViewController.xib */ = {isa = PBXFileReference; fileEncoding = 4; lastKnownFileType = file.xib; path = OtoroChooseVenueViewController.xib; sourceTree = "<group>"; };
		F4F9A53B17DBE1890027AE66 /* OVenue.h */ = {isa = PBXFileReference; fileEncoding = 4; lastKnownFileType = sourcecode.c.h; path = OVenue.h; sourceTree = "<group>"; };
		F4F9A53C17DBE1890027AE66 /* OVenue.m */ = {isa = PBXFileReference; fileEncoding = 4; lastKnownFileType = sourcecode.c.objc; path = OVenue.m; sourceTree = "<group>"; };
		F4F9A53F17DBE7BC0027AE66 /* poweredByFoursquare.png */ = {isa = PBXFileReference; lastKnownFileType = image.png; name = poweredByFoursquare.png; path = Resources/poweredByFoursquare.png; sourceTree = "<group>"; };
		F4F9A54017DBE7BC0027AE66 /* poweredByFoursquare@2x.png */ = {isa = PBXFileReference; lastKnownFileType = image.png; name = "poweredByFoursquare@2x.png"; path = "Resources/poweredByFoursquare@2x.png"; sourceTree = "<group>"; };
/* End PBXFileReference section */

/* Begin PBXFrameworksBuildPhase section */
		60CE1C5F17AEDFE400C6249F /* Frameworks */ = {
			isa = PBXFrameworksBuildPhase;
			buildActionMask = 2147483647;
			files = (
				608E7D9317DCFD2B00238AD7 /* AddressBookUI.framework in Frameworks */,
				60529FC217CA8E1700C7F064 /* AddressBook.framework in Frameworks */,
				609227D817B8538C00E1D897 /* CoreLocation.framework in Frameworks */,
				60CE1CA017AF2DAB00C6249F /* MapKit.framework in Frameworks */,
				60CE1C6717AEDFE400C6249F /* UIKit.framework in Frameworks */,
				60CE1C6917AEDFE400C6249F /* Foundation.framework in Frameworks */,
				60CE1C6B17AEDFE400C6249F /* CoreGraphics.framework in Frameworks */,
			);
			runOnlyForDeploymentPostprocessing = 0;
		};
		60CE1C7917AEDFE400C6249F /* Frameworks */ = {
			isa = PBXFrameworksBuildPhase;
			buildActionMask = 2147483647;
			files = (
				60CE1C7F17AEDFE400C6249F /* SenTestingKit.framework in Frameworks */,
				60CE1C8017AEDFE400C6249F /* UIKit.framework in Frameworks */,
				60CE1C8117AEDFE400C6249F /* Foundation.framework in Frameworks */,
			);
			runOnlyForDeploymentPostprocessing = 0;
		};
/* End PBXFrameworksBuildPhase section */

/* Begin PBXGroup section */
		601AB8D617F7A0A900F82013 /* Map */ = {
			isa = PBXGroup;
			children = (
				601AB8DD17F7ABB300F82013 /* Annotations */,
				609227D217B84CA100E1D897 /* CreateToroViewController.h */,
				609227D317B84CA100E1D897 /* CreateToroViewController.m */,
				609227D517B84CC100E1D897 /* CreateToroViewController.xib */,
				F4F9A53617DBDADA0027AE66 /* OtoroChooseVenueViewController.h */,
				F4F9A53717DBDADC0027AE66 /* OtoroChooseVenueViewController.m */,
				F4F9A53817DBDADC0027AE66 /* OtoroChooseVenueViewController.xib */,
				60CE1C9A17AF2D3E00C6249F /* ToroViewController.h */,
				60CE1C9B17AF2D3E00C6249F /* ToroViewController.m */,
				60CE1C9C17AF2D3F00C6249F /* ToroViewController.xib */,
			);
			name = Map;
			sourceTree = "<group>";
		};
		601AB8DD17F7ABB300F82013 /* Annotations */ = {
			isa = PBXGroup;
			children = (
				601AB8D717F7A0CA00F82013 /* SnapperMapAnnotation.h */,
				601AB8D817F7A0CA00F82013 /* SnapperMapAnnotation.m */,
				601AB8DA17F7A98500F82013 /* SnapperMapAnnotationView.h */,
				601AB8DB17F7A98500F82013 /* SnapperMapAnnotationView.m */,
			);
			name = Annotations;
			sourceTree = "<group>";
		};
		602A4CEB17C03D1D007DEF27 /* Login and Registration */ = {
			isa = PBXGroup;
			children = (
				602A4CEF17C03D9C007DEF27 /* SplashViewController.h */,
				602A4CF017C03D9C007DEF27 /* SplashViewController.m */,
				602A4CF117C03D9C007DEF27 /* SplashViewController.xib */,
				602A4CF917C04017007DEF27 /* RegistrationViewController.h */,
				602A4CFA17C04017007DEF27 /* RegistrationViewController.m */,
				602A4CFB17C04017007DEF27 /* RegistrationViewController.xib */,
			);
			name = "Login and Registration";
			sourceTree = "<group>";
		};
		602A4D0317C16555007DEF27 /* Networking */ = {
			isa = PBXGroup;
			children = (
				DB9DA81F17C02AB9005418CB /* OtoroConnectionCall.h */,
				DB9DA82017C02AB9005418CB /* OtoroConnectionCall.m */,
				DB9DA81A17C01D43005418CB /* OtoroConnection.h */,
				DB9DA81B17C01D43005418CB /* OtoroConnection.m */,
			);
			name = Networking;
			sourceTree = "<group>";
		};
		60529FC317CA8ED200C7F064 /* Friends */ = {
			isa = PBXGroup;
			children = (
				602A4CE317C02F2E007DEF27 /* FriendListViewController.h */,
				602A4CE417C02F2E007DEF27 /* FriendListViewController.m */,
				602A4CE517C02F2E007DEF27 /* FriendListViewController.xib */,
				602A4D0417C17D31007DEF27 /* AddFriendsViewController.h */,
				602A4D0517C17D32007DEF27 /* AddFriendsViewController.m */,
				602A4D0617C17D32007DEF27 /* AddFriendsViewController.xib */,
				60529FC917CAACFF00C7F064 /* SearchViewController.h */,
				60529FCA17CAAD0000C7F064 /* SearchViewController.m */,
				60529FCB17CAAD0000C7F064 /* SearchViewController.xib */,
				6089B86117CAB85D00C3CF9D /* AddressBookViewController.h */,
				6089B86217CAB85D00C3CF9D /* AddressBookViewController.m */,
				6089B86317CAB85D00C3CF9D /* AddressBookViewController.xib */,
				6089B86617CAB87500C3CF9D /* AddedYouViewController.h */,
				6089B86717CAB87500C3CF9D /* AddedYouViewController.m */,
				6089B86817CAB87500C3CF9D /* AddedYouViewController.xib */,
			);
			name = Friends;
			sourceTree = "<group>";
		};
		605CB79C17F818A2009F8228 /* Settings */ = {
			isa = PBXGroup;
			children = (
				602A4CFE17C052E3007DEF27 /* SettingsViewController.h */,
				602A4CFF17C052E3007DEF27 /* SettingsViewController.m */,
				602A4D0017C052E3007DEF27 /* SettingsViewController.xib */,
				605CB79D17F818CB009F8228 /* LegalViewController.h */,
				605CB79E17F818CB009F8228 /* LegalViewController.m */,
				605CB79F17F818CB009F8228 /* LegalViewController.xib */,
			);
			name = Settings;
			sourceTree = "<group>";
		};
		608EF30017DBF6B50040B0B2 /* OtoroTableViewCells */ = {
			isa = PBXGroup;
			children = (
				608EF30117DBF8760040B0B2 /* OtoroSentTableViewCell.h */,
				608EF30217DBF8760040B0B2 /* OtoroSentTableViewCell.m */,
				608EF30717DBF9040040B0B2 /* OtoroSentTableViewCell.xib */,
				608EF30417DBF8940040B0B2 /* OtoroReceivedTableViewCell.h */,
				608EF30517DBF8940040B0B2 /* OtoroReceivedTableViewCell.m */,
				608EF30917DBF9530040B0B2 /* OtoroReceivedTableViewCell.xib */,
			);
			name = OtoroTableViewCells;
			sourceTree = "<group>";
		};
		6097D9DC17B349E600EC094E /* Models */ = {
			isa = PBXGroup;
			children = (
				6097D9DD17B34A0100EC094E /* Toro.h */,
				6097D9DE17B34A0100EC094E /* Toro.m */,
				602A4CE817C03966007DEF27 /* OUser.h */,
				602A4CE917C03966007DEF27 /* OUser.m */,
				F4F9A53B17DBE1890027AE66 /* OVenue.h */,
				F4F9A53C17DBE1890027AE66 /* OVenue.m */,
			);
			name = Models;
			sourceTree = "<group>";
		};
		60CE1C5717AEDFE400C6249F = {
			isa = PBXGroup;
			children = (
				608D601617E68760008CD91F /* Default.png */,
				608D601417E68759008CD91F /* Default-568h@2x.png */,
				608D601217E686CA008CD91F /* Default@2x.png */,
				608D600E17E67E82008CD91F /* snappermap_icon.png */,
				608D600C17E67D54008CD91F /* snappermap_icon@2x.png */,
				608E7D9217DCFD2B00238AD7 /* AddressBookUI.framework */,
				60529FC117CA8E1700C7F064 /* AddressBook.framework */,
				609227D717B8538C00E1D897 /* CoreLocation.framework */,
				60CE1C6C17AEDFE400C6249F /* Otoro-client-2 */,
				60CE1C8417AEDFE400C6249F /* Otoro-client-2Tests */,
				60CE1C6517AEDFE400C6249F /* Frameworks */,
				60CE1C6317AEDFE400C6249F /* Products */,
				F4F9A53E17DBE7840027AE66 /* Resources */,
			);
			sourceTree = "<group>";
		};
		60CE1C6317AEDFE400C6249F /* Products */ = {
			isa = PBXGroup;
			children = (
				60CE1C6217AEDFE400C6249F /* snappermap.app */,
				60CE1C7D17AEDFE400C6249F /* snappermapTests.octest */,
			);
			name = Products;
			sourceTree = "<group>";
		};
		60CE1C6517AEDFE400C6249F /* Frameworks */ = {
			isa = PBXGroup;
			children = (
				60CE1C9F17AF2DAB00C6249F /* MapKit.framework */,
				60CE1C6617AEDFE400C6249F /* UIKit.framework */,
				60CE1C6817AEDFE400C6249F /* Foundation.framework */,
				60CE1C6A17AEDFE400C6249F /* CoreGraphics.framework */,
				60CE1C7E17AEDFE400C6249F /* SenTestingKit.framework */,
			);
			name = Frameworks;
			sourceTree = "<group>";
		};
		60CE1C6C17AEDFE400C6249F /* Otoro-client-2 */ = {
			isa = PBXGroup;
			children = (
				60CE1C7517AEDFE400C6249F /* OAppDelegate.h */,
				60CE1C7617AEDFE400C6249F /* OAppDelegate.m */,
				60CE1C9517AEE01B00C6249F /* OtoroContentViewController.h */,
				60CE1C9617AEE01B00C6249F /* OtoroContentViewController.m */,
				60CE1C9717AEE01B00C6249F /* OtoroContentViewController.xib */,
				608EF30017DBF6B50040B0B2 /* OtoroTableViewCells */,
				602A4D0317C16555007DEF27 /* Networking */,
				602A4CEB17C03D1D007DEF27 /* Login and Registration */,
				605CB79C17F818A2009F8228 /* Settings */,
				6097D9DC17B349E600EC094E /* Models */,
				60CE1C6D17AEDFE400C6249F /* Supporting Files */,
				601AB8D617F7A0A900F82013 /* Map */,
				60529FC317CA8ED200C7F064 /* Friends */,
			);
			path = "Otoro-client-2";
			sourceTree = "<group>";
		};
		60CE1C6D17AEDFE400C6249F /* Supporting Files */ = {
			isa = PBXGroup;
			children = (
				60CE1C6E17AEDFE400C6249F /* snappermap-Info.plist */,
				60CE1C6F17AEDFE400C6249F /* InfoPlist.strings */,
				60CE1C7217AEDFE400C6249F /* main.m */,
				60CE1C7417AEDFE400C6249F /* snappermap-Prefix.pch */,
			);
			name = "Supporting Files";
			sourceTree = "<group>";
		};
		60CE1C8417AEDFE400C6249F /* Otoro-client-2Tests */ = {
			isa = PBXGroup;
			children = (
				60CE1C8A17AEDFE400C6249F /* Otoro_client_2Tests.h */,
				60CE1C8B17AEDFE400C6249F /* Otoro_client_2Tests.m */,
				60CE1C8517AEDFE400C6249F /* Supporting Files */,
			);
			path = "Otoro-client-2Tests";
			sourceTree = "<group>";
		};
		60CE1C8517AEDFE400C6249F /* Supporting Files */ = {
			isa = PBXGroup;
			children = (
				60CE1C8617AEDFE400C6249F /* snappermapTests-Info.plist */,
				60CE1C8717AEDFE400C6249F /* InfoPlist.strings */,
			);
			name = "Supporting Files";
			sourceTree = "<group>";
		};
		F4F9A53E17DBE7840027AE66 /* Resources */ = {
			isa = PBXGroup;
			children = (
				601AB8D217F76FE100F82013 /* bluearrow@2x.png */,
				608D601C17E6A863008CD91F /* sushi_pin.png */,
				F4B0CD7917E6965C0057738D /* snappermap_inapp_icon_large.png */,
				F4B0CD7A17E6965C0057738D /* snappermap_inapp_icon_large@2x.png */,
				F4B0CD7B17E6965C0057738D /* snappermap_inapp_icon_small.png */,
				F4B0CD7C17E6965C0057738D /* snappermap_inapp_icon_small@2x.png */,
				F4F31E7F17E680F60067DB1D /* back_arrow_icon.png */,
				F4F31E8017E680F60067DB1D /* back_arrow_icon@2x.png */,
				F4F31E8117E680F60067DB1D /* globe_icon.png */,
				F4F31E8217E680F60067DB1D /* globe_icon@2x.png */,
				F4F31E8317E680F60067DB1D /* settings_icon.png */,
				F4F31E8417E680F60067DB1D /* settings_icon@2x.png */,
				608D600817E67046008CD91F /* gothamthin.ttf */,
				608D600917E67046008CD91F /* gothamlight.ttf */,
				F4F9A53F17DBE7BC0027AE66 /* poweredByFoursquare.png */,
				F4F9A54017DBE7BC0027AE66 /* poweredByFoursquare@2x.png */,
				F4E3E0A317E682D100807D97 /* friends_icon.png */,
				F4E3E0A417E682D100807D97 /* friends_icon@2x.png */,
				F4E3E0AC17E689DB00807D97 /* plus_icon.png */,
				F4E3E0AD17E689DB00807D97 /* plus_icon@2x.png */,
				F4E3E0A817E6890500807D97 /* back_arrow_white_icon.png */,
				F4E3E0A917E6890500807D97 /* back_arrow_white_icon@2x.png */,
				F4E3E0B017E68C7F00807D97 /* contact_icon.png */,
				F4E3E0B117E68C7F00807D97 /* contact_icon@2x.png */,
				F4E3E0B417E68CA100807D97 /* search_icon.png */,
				F4E3E0B517E68CA100807D97 /* search_icon@2x.png */,
			);
			name = Resources;
			sourceTree = "<group>";
		};
/* End PBXGroup section */

/* Begin PBXNativeTarget section */
		60CE1C6117AEDFE400C6249F /* snappermap */ = {
			isa = PBXNativeTarget;
			buildConfigurationList = 60CE1C8F17AEDFE400C6249F /* Build configuration list for PBXNativeTarget "snappermap" */;
			buildPhases = (
				60CE1C5E17AEDFE400C6249F /* Sources */,
				60CE1C5F17AEDFE400C6249F /* Frameworks */,
				60CE1C6017AEDFE400C6249F /* Resources */,
			);
			buildRules = (
			);
			dependencies = (
			);
			name = snappermap;
			productName = "Otoro-client-2";
			productReference = 60CE1C6217AEDFE400C6249F /* snappermap.app */;
			productType = "com.apple.product-type.application";
		};
		60CE1C7C17AEDFE400C6249F /* snappermapTests */ = {
			isa = PBXNativeTarget;
			buildConfigurationList = 60CE1C9217AEDFE400C6249F /* Build configuration list for PBXNativeTarget "snappermapTests" */;
			buildPhases = (
				60CE1C7817AEDFE400C6249F /* Sources */,
				60CE1C7917AEDFE400C6249F /* Frameworks */,
				60CE1C7A17AEDFE400C6249F /* Resources */,
				60CE1C7B17AEDFE400C6249F /* ShellScript */,
			);
			buildRules = (
			);
			dependencies = (
				60CE1C8317AEDFE400C6249F /* PBXTargetDependency */,
			);
			name = snappermapTests;
			productName = "Otoro-client-2Tests";
			productReference = 60CE1C7D17AEDFE400C6249F /* snappermapTests.octest */;
			productType = "com.apple.product-type.bundle";
		};
/* End PBXNativeTarget section */

/* Begin PBXProject section */
		60CE1C5917AEDFE400C6249F /* Project object */ = {
			isa = PBXProject;
			attributes = {
				LastUpgradeCheck = 0500;
				ORGANIZATIONNAME = "Serrice Corp";
				TargetAttributes = {
					60CE1C6117AEDFE400C6249F = {
						DevelopmentTeam = 9492KYU2PD;
					};
				};
			};
			buildConfigurationList = 60CE1C5C17AEDFE400C6249F /* Build configuration list for PBXProject "snappermap" */;
			compatibilityVersion = "Xcode 3.2";
			developmentRegion = English;
			hasScannedForEncodings = 0;
			knownRegions = (
				en,
			);
			mainGroup = 60CE1C5717AEDFE400C6249F;
			productRefGroup = 60CE1C6317AEDFE400C6249F /* Products */;
			projectDirPath = "";
			projectRoot = "";
			targets = (
				60CE1C6117AEDFE400C6249F /* snappermap */,
				60CE1C7C17AEDFE400C6249F /* snappermapTests */,
			);
		};
/* End PBXProject section */

/* Begin PBXResourcesBuildPhase section */
		60CE1C6017AEDFE400C6249F /* Resources */ = {
			isa = PBXResourcesBuildPhase;
			buildActionMask = 2147483647;
			files = (
				60CE1C7117AEDFE400C6249F /* InfoPlist.strings in Resources */,
				60CE1C9917AEE01B00C6249F /* OtoroContentViewController.xib in Resources */,
				60CE1C9E17AF2D3F00C6249F /* ToroViewController.xib in Resources */,
				609227D617B84CC100E1D897 /* CreateToroViewController.xib in Resources */,
				602A4CE717C02F2E007DEF27 /* FriendListViewController.xib in Resources */,
				602A4CF317C03D9C007DEF27 /* SplashViewController.xib in Resources */,
				602A4CFD17C04017007DEF27 /* RegistrationViewController.xib in Resources */,
				602A4D0217C052E3007DEF27 /* SettingsViewController.xib in Resources */,
				602A4D0817C17D33007DEF27 /* AddFriendsViewController.xib in Resources */,
				60529FCD17CAAD0000C7F064 /* SearchViewController.xib in Resources */,
				6089B86517CAB85D00C3CF9D /* AddressBookViewController.xib in Resources */,
				6089B86A17CAB87500C3CF9D /* AddedYouViewController.xib in Resources */,
				608EF30817DBF9040040B0B2 /* OtoroSentTableViewCell.xib in Resources */,
				608EF30A17DBF9530040B0B2 /* OtoroReceivedTableViewCell.xib in Resources */,
				F4F9A53A17DBDADD0027AE66 /* OtoroChooseVenueViewController.xib in Resources */,
				F4F9A54117DBE7BC0027AE66 /* poweredByFoursquare.png in Resources */,
				F4F9A54217DBE7BC0027AE66 /* poweredByFoursquare@2x.png in Resources */,
				F4F31E8517E680F60067DB1D /* back_arrow_icon.png in Resources */,
				F4F31E8617E680F60067DB1D /* back_arrow_icon@2x.png in Resources */,
				F4F31E8717E680F60067DB1D /* globe_icon.png in Resources */,
				F4F31E8817E680F60067DB1D /* globe_icon@2x.png in Resources */,
				F4F31E8917E680F60067DB1D /* settings_icon.png in Resources */,
				F4F31E8A17E680F60067DB1D /* settings_icon@2x.png in Resources */,
				608D600D17E67D55008CD91F /* snappermap_icon@2x.png in Resources */,
				608D600F17E67E82008CD91F /* snappermap_icon.png in Resources */,
				F4E3E0A517E682D100807D97 /* friends_icon.png in Resources */,
				F4E3E0A617E682D100807D97 /* friends_icon@2x.png in Resources */,
				F4E3E0AA17E6890500807D97 /* back_arrow_white_icon.png in Resources */,
				F4E3E0AB17E6890500807D97 /* back_arrow_white_icon@2x.png in Resources */,
				F4E3E0AE17E689DB00807D97 /* plus_icon.png in Resources */,
				F4E3E0AF17E689DB00807D97 /* plus_icon@2x.png in Resources */,
				F4E3E0B217E68C7F00807D97 /* contact_icon.png in Resources */,
				F4E3E0B317E68C7F00807D97 /* contact_icon@2x.png in Resources */,
				F4E3E0B617E68CA100807D97 /* search_icon.png in Resources */,
				605CB7A117F818CB009F8228 /* LegalViewController.xib in Resources */,
				601AB8D317F76FE100F82013 /* bluearrow@2x.png in Resources */,
				F4E3E0B717E68CA100807D97 /* search_icon@2x.png in Resources */,
				608D601317E686CA008CD91F /* Default@2x.png in Resources */,
				608D601517E68759008CD91F /* Default-568h@2x.png in Resources */,
				608D601717E68760008CD91F /* Default.png in Resources */,
				F4B0CD7D17E6965C0057738D /* snappermap_inapp_icon_large.png in Resources */,
				F4B0CD7E17E6965C0057738D /* snappermap_inapp_icon_large@2x.png in Resources */,
				F4B0CD7F17E6965C0057738D /* snappermap_inapp_icon_small.png in Resources */,
				F4B0CD8017E6965C0057738D /* snappermap_inapp_icon_small@2x.png in Resources */,
				608D601D17E6A864008CD91F /* sushi_pin.png in Resources */,
			);
			runOnlyForDeploymentPostprocessing = 0;
		};
		60CE1C7A17AEDFE400C6249F /* Resources */ = {
			isa = PBXResourcesBuildPhase;
			buildActionMask = 2147483647;
			files = (
				60CE1C8917AEDFE400C6249F /* InfoPlist.strings in Resources */,
				608D600A17E67046008CD91F /* gothamthin.ttf in Resources */,
				608D600B17E67046008CD91F /* gothamlight.ttf in Resources */,
			);
			runOnlyForDeploymentPostprocessing = 0;
		};
/* End PBXResourcesBuildPhase section */

/* Begin PBXShellScriptBuildPhase section */
		60CE1C7B17AEDFE400C6249F /* ShellScript */ = {
			isa = PBXShellScriptBuildPhase;
			buildActionMask = 2147483647;
			files = (
			);
			inputPaths = (
			);
			outputPaths = (
			);
			runOnlyForDeploymentPostprocessing = 0;
			shellPath = /bin/sh;
			shellScript = "# Run the unit tests in this test bundle.\n\"${SYSTEM_DEVELOPER_DIR}/Tools/RunUnitTests\"\n";
		};
/* End PBXShellScriptBuildPhase section */

/* Begin PBXSourcesBuildPhase section */
		60CE1C5E17AEDFE400C6249F /* Sources */ = {
			isa = PBXSourcesBuildPhase;
			buildActionMask = 2147483647;
			files = (
				60CE1C7317AEDFE400C6249F /* main.m in Sources */,
				60CE1C7717AEDFE400C6249F /* OAppDelegate.m in Sources */,
				60CE1C9817AEE01B00C6249F /* OtoroContentViewController.m in Sources */,
				60CE1C9D17AF2D3F00C6249F /* ToroViewController.m in Sources */,
				6097D9DF17B34A0100EC094E /* Toro.m in Sources */,
				DB9DA81C17C01D43005418CB /* OtoroConnection.m in Sources */,
				609227D417B84CA100E1D897 /* CreateToroViewController.m in Sources */,
				DB9DA82117C02AB9005418CB /* OtoroConnectionCall.m in Sources */,
				602A4CE617C02F2E007DEF27 /* FriendListViewController.m in Sources */,
				602A4CEA17C03966007DEF27 /* OUser.m in Sources */,
				601AB8DC17F7A98500F82013 /* SnapperMapAnnotationView.m in Sources */,
				601AB8D917F7A0CA00F82013 /* SnapperMapAnnotation.m in Sources */,
				605CB7A017F818CB009F8228 /* LegalViewController.m in Sources */,
				602A4CF217C03D9C007DEF27 /* SplashViewController.m in Sources */,
				602A4CFC17C04017007DEF27 /* RegistrationViewController.m in Sources */,
				602A4D0117C052E3007DEF27 /* SettingsViewController.m in Sources */,
				602A4D0717C17D33007DEF27 /* AddFriendsViewController.m in Sources */,
				60529FCC17CAAD0000C7F064 /* SearchViewController.m in Sources */,
				6089B86417CAB85D00C3CF9D /* AddressBookViewController.m in Sources */,
				6089B86917CAB87500C3CF9D /* AddedYouViewController.m in Sources */,
				608EF30317DBF8760040B0B2 /* OtoroSentTableViewCell.m in Sources */,
				608EF30617DBF8940040B0B2 /* OtoroReceivedTableViewCell.m in Sources */,
				F4F9A53917DBDADD0027AE66 /* OtoroChooseVenueViewController.m in Sources */,
				F4F9A53D17DBE1890027AE66 /* OVenue.m in Sources */,
			);
			runOnlyForDeploymentPostprocessing = 0;
		};
		60CE1C7817AEDFE400C6249F /* Sources */ = {
			isa = PBXSourcesBuildPhase;
			buildActionMask = 2147483647;
			files = (
				60CE1C8C17AEDFE400C6249F /* Otoro_client_2Tests.m in Sources */,
			);
			runOnlyForDeploymentPostprocessing = 0;
		};
/* End PBXSourcesBuildPhase section */

/* Begin PBXTargetDependency section */
		60CE1C8317AEDFE400C6249F /* PBXTargetDependency */ = {
			isa = PBXTargetDependency;
			target = 60CE1C6117AEDFE400C6249F /* snappermap */;
			targetProxy = 60CE1C8217AEDFE400C6249F /* PBXContainerItemProxy */;
		};
/* End PBXTargetDependency section */

/* Begin PBXVariantGroup section */
		60CE1C6F17AEDFE400C6249F /* InfoPlist.strings */ = {
			isa = PBXVariantGroup;
			children = (
				60CE1C7017AEDFE400C6249F /* en */,
			);
			name = InfoPlist.strings;
			sourceTree = "<group>";
		};
		60CE1C8717AEDFE400C6249F /* InfoPlist.strings */ = {
			isa = PBXVariantGroup;
			children = (
				60CE1C8817AEDFE400C6249F /* en */,
			);
			name = InfoPlist.strings;
			sourceTree = "<group>";
		};
/* End PBXVariantGroup section */

/* Begin XCBuildConfiguration section */
		60CE1C8D17AEDFE400C6249F /* Debug */ = {
			isa = XCBuildConfiguration;
			buildSettings = {
				ALWAYS_SEARCH_USER_PATHS = NO;
				CLANG_ENABLE_OBJC_ARC = YES;
				CLANG_WARN_BOOL_CONVERSION = YES;
				CLANG_WARN_CONSTANT_CONVERSION = YES;
				CLANG_WARN_EMPTY_BODY = YES;
				CLANG_WARN_ENUM_CONVERSION = YES;
				CLANG_WARN_INT_CONVERSION = YES;
				CLANG_WARN__DUPLICATE_METHOD_MATCH = YES;
				CODE_SIGN_IDENTITY = "iPhone Developer: Geoffrey Woo (LEF3S99LJ5)";
				"CODE_SIGN_IDENTITY[sdk=iphoneos*]" = "iPhone Developer: Geoffrey Woo (LEF3S99LJ5)";
				COPY_PHASE_STRIP = NO;
				GCC_C_LANGUAGE_STANDARD = gnu99;
				GCC_DYNAMIC_NO_PIC = NO;
				GCC_OPTIMIZATION_LEVEL = 0;
				GCC_PREPROCESSOR_DEFINITIONS = (
					"DEBUG=1",
					"$(inherited)",
				);
				GCC_SYMBOLS_PRIVATE_EXTERN = NO;
				GCC_VERSION = com.apple.compilers.llvm.clang.1_0;
				GCC_WARN_64_TO_32_BIT_CONVERSION = YES;
				GCC_WARN_ABOUT_MISSING_PROTOTYPES = YES;
				GCC_WARN_ABOUT_RETURN_TYPE = YES;
				GCC_WARN_UNDECLARED_SELECTOR = YES;
				GCC_WARN_UNINITIALIZED_AUTOS = YES;
				GCC_WARN_UNUSED_FUNCTION = YES;
				GCC_WARN_UNUSED_VARIABLE = YES;
				IPHONEOS_DEPLOYMENT_TARGET = 7.0;
				ONLY_ACTIVE_ARCH = YES;
				PROVISIONING_PROFILE = "8DF24DD0-646A-4F65-A12B-3566EF078E28";
				SDKROOT = iphoneos;
				TARGETED_DEVICE_FAMILY = "1,2";
			};
			name = Debug;
		};
		60CE1C8E17AEDFE400C6249F /* Release */ = {
			isa = XCBuildConfiguration;
			buildSettings = {
				ALWAYS_SEARCH_USER_PATHS = NO;
				CLANG_ENABLE_OBJC_ARC = YES;
				CLANG_WARN_BOOL_CONVERSION = YES;
				CLANG_WARN_CONSTANT_CONVERSION = YES;
				CLANG_WARN_EMPTY_BODY = YES;
				CLANG_WARN_ENUM_CONVERSION = YES;
				CLANG_WARN_INT_CONVERSION = YES;
				CLANG_WARN__DUPLICATE_METHOD_MATCH = YES;
				CODE_SIGN_IDENTITY = "iPhone Developer: Geoffrey Woo (LEF3S99LJ5)";
				"CODE_SIGN_IDENTITY[sdk=iphoneos*]" = "iPhone Developer: Geoffrey Woo (LEF3S99LJ5)";
				COPY_PHASE_STRIP = YES;
				GCC_C_LANGUAGE_STANDARD = gnu99;
				GCC_VERSION = com.apple.compilers.llvm.clang.1_0;
				GCC_WARN_64_TO_32_BIT_CONVERSION = YES;
				GCC_WARN_ABOUT_MISSING_PROTOTYPES = YES;
				GCC_WARN_ABOUT_RETURN_TYPE = YES;
				GCC_WARN_UNDECLARED_SELECTOR = YES;
				GCC_WARN_UNINITIALIZED_AUTOS = YES;
				GCC_WARN_UNUSED_FUNCTION = YES;
				GCC_WARN_UNUSED_VARIABLE = YES;
				IPHONEOS_DEPLOYMENT_TARGET = 7.0;
				OTHER_CFLAGS = "-DNS_BLOCK_ASSERTIONS=1";
				PROVISIONING_PROFILE = "8DF24DD0-646A-4F65-A12B-3566EF078E28";
				SDKROOT = iphoneos;
				TARGETED_DEVICE_FAMILY = "1,2";
				VALIDATE_PRODUCT = YES;
			};
			name = Release;
		};
		60CE1C9017AEDFE400C6249F /* Debug */ = {
			isa = XCBuildConfiguration;
			buildSettings = {
				CODE_SIGN_IDENTITY = "iPhone Developer";
				"CODE_SIGN_IDENTITY[sdk=iphoneos*]" = "iPhone Developer";
				GCC_PRECOMPILE_PREFIX_HEADER = YES;
				GCC_PREFIX_HEADER = "Otoro-client-2/snappermap-Prefix.pch";
				INFOPLIST_FILE = "Otoro-client-2/snappermap-Info.plist";
				PRODUCT_NAME = snappermap;
				PROVISIONING_PROFILE = "";
				WRAPPER_EXTENSION = app;
			};
			name = Debug;
		};
		60CE1C9117AEDFE400C6249F /* Release */ = {
			isa = XCBuildConfiguration;
			buildSettings = {
				CODE_SIGN_IDENTITY = "iPhone Developer";
				"CODE_SIGN_IDENTITY[sdk=iphoneos*]" = "iPhone Developer";
				GCC_PRECOMPILE_PREFIX_HEADER = YES;
				GCC_PREFIX_HEADER = "Otoro-client-2/snappermap-Prefix.pch";
				INFOPLIST_FILE = "Otoro-client-2/snappermap-Info.plist";
				PRODUCT_NAME = snappermap;
				PROVISIONING_PROFILE = "";
				WRAPPER_EXTENSION = app;
			};
			name = Release;
		};
		60CE1C9317AEDFE400C6249F /* Debug */ = {
			isa = XCBuildConfiguration;
			buildSettings = {
				BUNDLE_LOADER = "$(BUILT_PRODUCTS_DIR)/Otoro-client-2.app/Otoro-client-2";
				FRAMEWORK_SEARCH_PATHS = (
					"$(SDKROOT)/Developer/Library/Frameworks",
					"$(DEVELOPER_LIBRARY_DIR)/Frameworks",
				);
				GCC_PRECOMPILE_PREFIX_HEADER = YES;
				GCC_PREFIX_HEADER = "Otoro-client-2/Otoro-client-2-Prefix.pch";
				INFOPLIST_FILE = "Otoro-client-2Tests/snappermapTests-Info.plist";
				PRODUCT_NAME = snappermapTests;
				TEST_HOST = "$(BUNDLE_LOADER)";
				WRAPPER_EXTENSION = octest;
			};
			name = Debug;
		};
		60CE1C9417AEDFE400C6249F /* Release */ = {
			isa = XCBuildConfiguration;
			buildSettings = {
				BUNDLE_LOADER = "$(BUILT_PRODUCTS_DIR)/Otoro-client-2.app/Otoro-client-2";
				FRAMEWORK_SEARCH_PATHS = (
					"$(SDKROOT)/Developer/Library/Frameworks",
					"$(DEVELOPER_LIBRARY_DIR)/Frameworks",
				);
				GCC_PRECOMPILE_PREFIX_HEADER = YES;
				GCC_PREFIX_HEADER = "Otoro-client-2/Otoro-client-2-Prefix.pch";
				INFOPLIST_FILE = "Otoro-client-2Tests/snappermapTests-Info.plist";
				PRODUCT_NAME = snappermapTests;
				TEST_HOST = "$(BUNDLE_LOADER)";
				WRAPPER_EXTENSION = octest;
			};
			name = Release;
		};
/* End XCBuildConfiguration section */

/* Begin XCConfigurationList section */
		60CE1C5C17AEDFE400C6249F /* Build configuration list for PBXProject "snappermap" */ = {
			isa = XCConfigurationList;
			buildConfigurations = (
				60CE1C8D17AEDFE400C6249F /* Debug */,
				60CE1C8E17AEDFE400C6249F /* Release */,
			);
			defaultConfigurationIsVisible = 0;
			defaultConfigurationName = Release;
		};
		60CE1C8F17AEDFE400C6249F /* Build configuration list for PBXNativeTarget "snappermap" */ = {
			isa = XCConfigurationList;
			buildConfigurations = (
				60CE1C9017AEDFE400C6249F /* Debug */,
				60CE1C9117AEDFE400C6249F /* Release */,
			);
			defaultConfigurationIsVisible = 0;
			defaultConfigurationName = Release;
		};
		60CE1C9217AEDFE400C6249F /* Build configuration list for PBXNativeTarget "snappermapTests" */ = {
			isa = XCConfigurationList;
			buildConfigurations = (
				60CE1C9317AEDFE400C6249F /* Debug */,
				60CE1C9417AEDFE400C6249F /* Release */,
			);
			defaultConfigurationIsVisible = 0;
			defaultConfigurationName = Release;
		};
/* End XCConfigurationList section */
	};
	rootObject = 60CE1C5917AEDFE400C6249F /* Project object */;
}
